PODS:
  - Reusable (4.1.2):
    - Reusable/Storyboard (= 4.1.2)
    - Reusable/View (= 4.1.2)
  - Reusable/Storyboard (4.1.2)
  - Reusable/View (4.1.2)
  - SideMenu (5.0.1)
  - SnapKit (5.0.1)

DEPENDENCIES:
  - Reusable
  - SideMenu (~> 5.0)
  - SnapKit (~> 5.0.0)

SPEC REPOS:
  trunk:
    - Reusable
    - SideMenu
    - SnapKit

SPEC CHECKSUMS:
  Reusable: 6bae6a5e8aa793c9c441db0213c863a64bce9136
  SideMenu: 87efd943737bb83aedf0358884d09fcf5576636d
  SnapKit: 97b92857e3df3a0c71833cce143274bf6ef8e5eb

PODFILE CHECKSUM: 80662d30533084b404a31589a702b7b5557ddc60

COCOAPODS: 1.11.2
