// !$*UTF8*$!
{
	archiveVersion = 1;
	classes = {
	};
	objectVersion = 55;
	objects = {

/* Begin PBXBuildFile section */
		6211AE3F289766E30092202B /* Colors.xcassets in Resources */ = {isa = PBXBuildFile; fileRef = 6211AE3E289766E30092202B /* Colors.xcassets */; };
		6211AE42289773BF0092202B /* ScrollPhoto.swift in Sources */ = {isa = PBXBuildFile; fileRef = 6211AE41289773BF0092202B /* ScrollPhoto.swift */; };
		6211AE442897B8F40092202B /* CellInfo.swift in Sources */ = {isa = PBXBuildFile; fileRef = 6211AE432897B8F40092202B /* CellInfo.swift */; };
		624605C328913A3D00E590E3 /* CalendarView.swift in Sources */ = {isa = PBXBuildFile; fileRef = 624605C228913A3D00E590E3 /* CalendarView.swift */; };
		624605C628927F8800E590E3 /* SearchResultViewController.swift in Sources */ = {isa = PBXBuildFile; fileRef = 624605C528927F8800E590E3 /* SearchResultViewController.swift */; };
		624605C92892836C00E590E3 /* ExhibitionDetailViewController.swift in Sources */ = {isa = PBXBuildFile; fileRef = 624605C82892836C00E590E3 /* ExhibitionDetailViewController.swift */; };
		624605CB2893C65800E590E3 /* SearchResultTableView.swift in Sources */ = {isa = PBXBuildFile; fileRef = 624605CA2893C65800E590E3 /* SearchResultTableView.swift */; };
		624605CD2893C66F00E590E3 /* SearchResultListTableViewCell.swift in Sources */ = {isa = PBXBuildFile; fileRef = 624605CC2893C66F00E590E3 /* SearchResultListTableViewCell.swift */; };
		624605CF2893D2C000E590E3 /* TotalExhibitionTableViewCell.swift in Sources */ = {isa = PBXBuildFile; fileRef = 624605CE2893D2C000E590E3 /* TotalExhibitionTableViewCell.swift */; };
		624605D42896868700E590E3 /* InfoViewController.swift in Sources */ = {isa = PBXBuildFile; fileRef = 624605D32896868700E590E3 /* InfoViewController.swift */; };
		624605D6289686A300E590E3 /* FareViewController.swift in Sources */ = {isa = PBXBuildFile; fileRef = 624605D5289686A300E590E3 /* FareViewController.swift */; };
		624605D8289686DD00E590E3 /* IntroduceViewController.swift in Sources */ = {isa = PBXBuildFile; fileRef = 624605D7289686DD00E590E3 /* IntroduceViewController.swift */; };
		625938FE289AC32600A900FD /* SearchResultViewModel.swift in Sources */ = {isa = PBXBuildFile; fileRef = 625938FD289AC32600A900FD /* SearchResultViewModel.swift */; };
		62593904289C2EF700A900FD /* SearchRecordTableViewCell.swift in Sources */ = {isa = PBXBuildFile; fileRef = 62593903289C2EF700A900FD /* SearchRecordTableViewCell.swift */; };
		626B7B33288D4923002D6540 /* MonthCollectionView.swift in Sources */ = {isa = PBXBuildFile; fileRef = 626B7B32288D4923002D6540 /* MonthCollectionView.swift */; };
		626B7B37288D7938002D6540 /* DateCell.swift in Sources */ = {isa = PBXBuildFile; fileRef = 626B7B36288D7938002D6540 /* DateCell.swift */; };
		626B7B39288D809D002D6540 /* MonthCollectionViewCell.swift in Sources */ = {isa = PBXBuildFile; fileRef = 626B7B38288D809D002D6540 /* MonthCollectionViewCell.swift */; };
		626B7B3B288FE484002D6540 /* DateHeader.swift in Sources */ = {isa = PBXBuildFile; fileRef = 626B7B3A288FE484002D6540 /* DateHeader.swift */; };
		626C319D289E16A3005A3190 /* PhotosCollectionView.swift in Sources */ = {isa = PBXBuildFile; fileRef = 626C319C289E16A3005A3190 /* PhotosCollectionView.swift */; };
		626C319F289E17EE005A3190 /* PhotosCollectionViewCell.swift in Sources */ = {isa = PBXBuildFile; fileRef = 626C319E289E17EE005A3190 /* PhotosCollectionViewCell.swift */; };
		626C31A328A20DA4005A3190 /* SearchPageViewController.swift in Sources */ = {isa = PBXBuildFile; fileRef = 626C31A228A20DA4005A3190 /* SearchPageViewController.swift */; };
		6274AA0928164AB7008D076D /* ScrollPhotoTableViewCell.swift in Sources */ = {isa = PBXBuildFile; fileRef = 6274AA0828164AB7008D076D /* ScrollPhotoTableViewCell.swift */; };
		6274AA0B2816D326008D076D /* FilterTableViewCell.swift in Sources */ = {isa = PBXBuildFile; fileRef = 6274AA0A2816D326008D076D /* FilterTableViewCell.swift */; };
		627F4ACF287FEDD100D86B07 /* WhetherStartExhibitionButton.swift in Sources */ = {isa = PBXBuildFile; fileRef = 627F4ACE287FEDD100D86B07 /* WhetherStartExhibitionButton.swift */; };
		627F4AD1288011EE00D86B07 /* WhetherStartBottomSheetViewController.swift in Sources */ = {isa = PBXBuildFile; fileRef = 627F4AD0288011EE00D86B07 /* WhetherStartBottomSheetViewController.swift */; };
		62806AEC281A297900FD5AF2 /* Color.swift in Sources */ = {isa = PBXBuildFile; fileRef = 62806AEB281A297900FD5AF2 /* Color.swift */; };
		62A3F942287D262A0067B03C /* FilterExhibitionButtonCell.swift in Sources */ = {isa = PBXBuildFile; fileRef = 62A3F941287D262A0067B03C /* FilterExhibitionButtonCell.swift */; };
		62A3F946287D28290067B03C /* FilterExhibitionButton.swift in Sources */ = {isa = PBXBuildFile; fileRef = 62A3F945287D28290067B03C /* FilterExhibitionButton.swift */; };
		62A558272872BB3C00EDCCB3 /* FindExhibitionViewModel.swift in Sources */ = {isa = PBXBuildFile; fileRef = 62A558262872BB3C00EDCCB3 /* FindExhibitionViewModel.swift */; };
		62B753B72835F3FE00286FFF /* TabButtonCollectionViewCell.swift in Sources */ = {isa = PBXBuildFile; fileRef = 62B753B62835F3FE00286FFF /* TabButtonCollectionViewCell.swift */; };
		62B753B92835F47D00286FFF /* AreaViewController.swift in Sources */ = {isa = PBXBuildFile; fileRef = 62B753B82835F47D00286FFF /* AreaViewController.swift */; };
		62B753BB2835F4A900286FFF /* ExhibitionPlaceViewController.swift in Sources */ = {isa = PBXBuildFile; fileRef = 62B753BA2835F4A900286FFF /* ExhibitionPlaceViewController.swift */; };
		62B753BD2835F4BA00286FFF /* DateViewController.swift in Sources */ = {isa = PBXBuildFile; fileRef = 62B753BC2835F4BA00286FFF /* DateViewController.swift */; };
		62CB5D0B2871FE5100BDE1FB /* FindExhibitionTableView.swift in Sources */ = {isa = PBXBuildFile; fileRef = 62CB5D0A2871FE5100BDE1FB /* FindExhibitionTableView.swift */; };
		62CD7696280D067200696DBC /* FindExhibitionViewController.swift in Sources */ = {isa = PBXBuildFile; fileRef = 62CD7695280D067200696DBC /* FindExhibitionViewController.swift */; };
		62CD7698280D070300696DBC /* NearbyExhibitionViewController.swift in Sources */ = {isa = PBXBuildFile; fileRef = 62CD7697280D070300696DBC /* NearbyExhibitionViewController.swift */; };
		62CD769A280D073E00696DBC /* ShareExhibitionViewController.swift in Sources */ = {isa = PBXBuildFile; fileRef = 62CD7699280D073E00696DBC /* ShareExhibitionViewController.swift */; };
		62CD769C280D08A600696DBC /* MainTabBarController.swift in Sources */ = {isa = PBXBuildFile; fileRef = 62CD769B280D08A600696DBC /* MainTabBarController.swift */; };
		62CD76A0280D40A800696DBC /* SideMenuViewController.swift in Sources */ = {isa = PBXBuildFile; fileRef = 62CD769F280D40A800696DBC /* SideMenuViewController.swift */; };
		62CD76A6280D7EEF00696DBC /* SearchViewController.swift in Sources */ = {isa = PBXBuildFile; fileRef = 62CD76A5280D7EEF00696DBC /* SearchViewController.swift */; };
		62D51EB02817DA7D00010C6A /* SeeAllExhibitionViewController.swift in Sources */ = {isa = PBXBuildFile; fileRef = 62D51EAF2817DA7D00010C6A /* SeeAllExhibitionViewController.swift */; };
		62DCAC132877CBC5004EC187 /* SeeAllExhibitionViewModel.swift in Sources */ = {isa = PBXBuildFile; fileRef = 62DCAC122877CBC5004EC187 /* SeeAllExhibitionViewModel.swift */; };
		62DCAC1B28783061004EC187 /* SeeAllExhibitionTableView.swift in Sources */ = {isa = PBXBuildFile; fileRef = 62DCAC1A28783061004EC187 /* SeeAllExhibitionTableView.swift */; };
		62E6BE21288945290050920F /* NorthAreaButtons.swift in Sources */ = {isa = PBXBuildFile; fileRef = 62E6BE20288945290050920F /* NorthAreaButtons.swift */; };
		62E6BE23288945840050920F /* NorthAreaCell.swift in Sources */ = {isa = PBXBuildFile; fileRef = 62E6BE22288945840050920F /* NorthAreaCell.swift */; };
		62E6BE25288945C10050920F /* MiddleAreaButtons.swift in Sources */ = {isa = PBXBuildFile; fileRef = 62E6BE24288945C10050920F /* MiddleAreaButtons.swift */; };
		62E6BE27288945D30050920F /* SouthAreaButtons.swift in Sources */ = {isa = PBXBuildFile; fileRef = 62E6BE26288945D30050920F /* SouthAreaButtons.swift */; };
		62E6BE29288945E10050920F /* EastAreaButtons.swift in Sources */ = {isa = PBXBuildFile; fileRef = 62E6BE28288945E10050920F /* EastAreaButtons.swift */; };
		62E6BE2B288945ED0050920F /* OuterIslandAreaButtons.swift in Sources */ = {isa = PBXBuildFile; fileRef = 62E6BE2A288945ED0050920F /* OuterIslandAreaButtons.swift */; };
		62E6BE2D288946DE0050920F /* MiddleAreaCell.swift in Sources */ = {isa = PBXBuildFile; fileRef = 62E6BE2C288946DE0050920F /* MiddleAreaCell.swift */; };
		62E6BE2F288946F10050920F /* SouthAreaCell.swift in Sources */ = {isa = PBXBuildFile; fileRef = 62E6BE2E288946F10050920F /* SouthAreaCell.swift */; };
		62E6BE31288947040050920F /* EastAreaCell.swift in Sources */ = {isa = PBXBuildFile; fileRef = 62E6BE30288947040050920F /* EastAreaCell.swift */; };
		62E6BE33288947150050920F /* OuterIslandAreaCell.swift in Sources */ = {isa = PBXBuildFile; fileRef = 62E6BE32288947150050920F /* OuterIslandAreaCell.swift */; };
		62EAB028288131520001B9BF /* SearchResultsTableViewCell.swift in Sources */ = {isa = PBXBuildFile; fileRef = 62EAB027288131520001B9BF /* SearchResultsTableViewCell.swift */; };
		62EAB02D2881716B0001B9BF /* FilterPositionButtons.swift in Sources */ = {isa = PBXBuildFile; fileRef = 62EAB02C2881716B0001B9BF /* FilterPositionButtons.swift */; };
		62EAB02F2881720A0001B9BF /* FilterPositionCell.swift in Sources */ = {isa = PBXBuildFile; fileRef = 62EAB02E2881720A0001B9BF /* FilterPositionCell.swift */; };
		62EBB6D8280F999D00161036 /* FindExhibitionTableViewCell.swift in Sources */ = {isa = PBXBuildFile; fileRef = 62EBB6D7280F999D00161036 /* FindExhibitionTableViewCell.swift */; };
		97287A9F294C27410003B184 /* ItemsCollectionCell.swift in Sources */ = {isa = PBXBuildFile; fileRef = 97287A9E294C27410003B184 /* ItemsCollectionCell.swift */; };
		97287AA1295084280003B184 /* NavigateLocationView.swift in Sources */ = {isa = PBXBuildFile; fileRef = 97287AA0295084280003B184 /* NavigateLocationView.swift */; };
		97287AA32951E11B0003B184 /* FilterViewController.swift in Sources */ = {isa = PBXBuildFile; fileRef = 97287AA22951E11B0003B184 /* FilterViewController.swift */; };
		97287AA52951E16B0003B184 /* FilterView.swift in Sources */ = {isa = PBXBuildFile; fileRef = 97287AA42951E16B0003B184 /* FilterView.swift */; };
		97287AA72951E20B0003B184 /* FilterViewModel.swift in Sources */ = {isa = PBXBuildFile; fileRef = 97287AA62951E20B0003B184 /* FilterViewModel.swift */; };
		97287AB829529AA10003B184 /* TaiwanArtionUITests.swift in Sources */ = {isa = PBXBuildFile; fileRef = 97287AB729529AA10003B184 /* TaiwanArtionUITests.swift */; };
		97287ABA29529AA10003B184 /* TaiwanArtionUITestsLaunchTests.swift in Sources */ = {isa = PBXBuildFile; fileRef = 97287AB929529AA10003B184 /* TaiwanArtionUITestsLaunchTests.swift */; };
		97287AC129529AD80003B184 /* TaiwanArtionUnitTest.swift in Sources */ = {isa = PBXBuildFile; fileRef = 97287AC029529AD80003B184 /* TaiwanArtionUnitTest.swift */; };
		97287AC929529B030003B184 /* TaiwanArtionTests.swift in Sources */ = {isa = PBXBuildFile; fileRef = 97287AC829529B030003B184 /* TaiwanArtionTests.swift */; };
		9756CA60295E88C300DFCD61 /* AddPhotoViewController.swift in Sources */ = {isa = PBXBuildFile; fileRef = 9756CA5F295E88C300DFCD61 /* AddPhotoViewController.swift */; };
		9756CA62295E88D600DFCD61 /* AddPhotoView.swift in Sources */ = {isa = PBXBuildFile; fileRef = 9756CA61295E88D600DFCD61 /* AddPhotoView.swift */; };
		9756CA64295E96FB00DFCD61 /* AddPhotoViewModel.swift in Sources */ = {isa = PBXBuildFile; fileRef = 9756CA63295E96FB00DFCD61 /* AddPhotoViewModel.swift */; };
		9756CA662963A99800DFCD61 /* InputNameViewController.swift in Sources */ = {isa = PBXBuildFile; fileRef = 9756CA652963A99800DFCD61 /* InputNameViewController.swift */; };
		9756CA682963A9AF00DFCD61 /* InputNameView.swift in Sources */ = {isa = PBXBuildFile; fileRef = 9756CA672963A9AF00DFCD61 /* InputNameView.swift */; };
		9756CA6A2963A9CA00DFCD61 /* InputNameViewModel.swift in Sources */ = {isa = PBXBuildFile; fileRef = 9756CA692963A9CA00DFCD61 /* InputNameViewModel.swift */; };
		9756CA6C2963AA0C00DFCD61 /* ChooseCityViewController.swift in Sources */ = {isa = PBXBuildFile; fileRef = 9756CA6B2963AA0C00DFCD61 /* ChooseCityViewController.swift */; };
		9756CA6E2963AA2000DFCD61 /* ChooseCityView.swift in Sources */ = {isa = PBXBuildFile; fileRef = 9756CA6D2963AA2000DFCD61 /* ChooseCityView.swift */; };
		9756CA702963AA3100DFCD61 /* ChooseCityViewModel.swift in Sources */ = {isa = PBXBuildFile; fileRef = 9756CA6F2963AA3100DFCD61 /* ChooseCityViewModel.swift */; };
		97672CCB2916246A002BE893 /* Localizable.strings in Resources */ = {isa = PBXBuildFile; fileRef = 97672CCA2916246A002BE893 /* Localizable.strings */; };
		97672CCD29164142002BE893 /* NearbyExhibitionViewModel.swift in Sources */ = {isa = PBXBuildFile; fileRef = 97672CCC29164142002BE893 /* NearbyExhibitionViewModel.swift */; };
		979B5A4F295BD3A3005662B2 /* ShareExhibitionTableViewCell.swift in Sources */ = {isa = PBXBuildFile; fileRef = 979B5A4E295BD3A3005662B2 /* ShareExhibitionTableViewCell.swift */; };
		97B3F6DD29417F7E004BBC67 /* NearByExhibitionView.swift in Sources */ = {isa = PBXBuildFile; fileRef = 97B3F6DC29417F7E004BBC67 /* NearByExhibitionView.swift */; };
		97B3F6DF2946D4CE004BBC67 /* UIBinder.swift in Sources */ = {isa = PBXBuildFile; fileRef = 97B3F6DE2946D4CE004BBC67 /* UIBinder.swift */; };
		97B3F6E12948236D004BBC67 /* NearByExhibitionListView.swift in Sources */ = {isa = PBXBuildFile; fileRef = 97B3F6E02948236C004BBC67 /* NearByExhibitionListView.swift */; };
		97B3F6E3294824A0004BBC67 /* ExhibitionListTableViewTableViewCell.swift in Sources */ = {isa = PBXBuildFile; fileRef = 97B3F6E2294824A0004BBC67 /* ExhibitionListTableViewTableViewCell.swift */; };
		97E0991D298FBFC300C2731F /* PhotoGalleryCollectionViewCell.swift in Sources */ = {isa = PBXBuildFile; fileRef = 97E0991C298FBFC300C2731F /* PhotoGalleryCollectionViewCell.swift */; };
		97E0991F299C8E4200C2731F /* ChoosedPhotoCollectionViewCell.swift in Sources */ = {isa = PBXBuildFile; fileRef = 97E0991E299C8E4200C2731F /* ChoosedPhotoCollectionViewCell.swift */; };
		97E09923299C903A00C2731F /* DisplayPhotosView.swift in Sources */ = {isa = PBXBuildFile; fileRef = 97E09922299C903A00C2731F /* DisplayPhotosView.swift */; };
		97E09925299D7C5D00C2731F /* PlaceChooseViewController.swift in Sources */ = {isa = PBXBuildFile; fileRef = 97E09924299D7C5D00C2731F /* PlaceChooseViewController.swift */; };
		97E09927299D9C0500C2731F /* ShareExhibitionTextFieldTableViewCell.swift in Sources */ = {isa = PBXBuildFile; fileRef = 97E09926299D9C0500C2731F /* ShareExhibitionTextFieldTableViewCell.swift */; };
		97E09929299DFEA700C2731F /* ExhibitionModel.swift in Sources */ = {isa = PBXBuildFile; fileRef = 97E09928299DFEA700C2731F /* ExhibitionModel.swift */; };
		97E0992B299F26EA00C2731F /* UIViewController.swift in Sources */ = {isa = PBXBuildFile; fileRef = 97E0992A299F26EA00C2731F /* UIViewController.swift */; };
		97E0992E299F295400C2731F /* AlertViewController.swift in Sources */ = {isa = PBXBuildFile; fileRef = 97E0992D299F295400C2731F /* AlertViewController.swift */; };
		97E09930299F906B00C2731F /* Logo.xcassets in Resources */ = {isa = PBXBuildFile; fileRef = 97E0992F299F906B00C2731F /* Logo.xcassets */; };
		97E2137329B0B3A0008F3E15 /* ChooseCalenderViewController.swift in Sources */ = {isa = PBXBuildFile; fileRef = 97E2137229B0B3A0008F3E15 /* ChooseCalenderViewController.swift */; };
		97E2137529B0B466008F3E15 /* ChooseCalenderView.swift in Sources */ = {isa = PBXBuildFile; fileRef = 97E2137429B0B466008F3E15 /* ChooseCalenderView.swift */; };
		97E2137729B0C245008F3E15 /* ChooseCalenderTableViewCell.swift in Sources */ = {isa = PBXBuildFile; fileRef = 97E2137629B0C245008F3E15 /* ChooseCalenderTableViewCell.swift */; };
		97E213EC29B1C3DA008F3E15 /* GoogleService-Info.plist in Resources */ = {isa = PBXBuildFile; fileRef = 97E213EB29B1C3DA008F3E15 /* GoogleService-Info.plist */; };
		97E213F929B1D107008F3E15 /* AddCalendarViewController.swift in Sources */ = {isa = PBXBuildFile; fileRef = 97E213F729B1D107008F3E15 /* AddCalendarViewController.swift */; };
		97E213FA29B1D107008F3E15 /* AddCalendarViewController.xib in Resources */ = {isa = PBXBuildFile; fileRef = 97E213F829B1D107008F3E15 /* AddCalendarViewController.xib */; };
		97E213FD29B1EBED008F3E15 /* CheckAlertViewController.swift in Sources */ = {isa = PBXBuildFile; fileRef = 97E213FB29B1EBEC008F3E15 /* CheckAlertViewController.swift */; };
		97E213FE29B1EBED008F3E15 /* CheckAlertViewController.xib in Resources */ = {isa = PBXBuildFile; fileRef = 97E213FC29B1EBED008F3E15 /* CheckAlertViewController.xib */; };
		97EC71312955DBBE009A2B14 /* ShareExhibitionView.swift in Sources */ = {isa = PBXBuildFile; fileRef = 97EC71302955DBBD009A2B14 /* ShareExhibitionView.swift */; };
		97EC71332955DBEA009A2B14 /* ShareExhibitionViewModel.swift in Sources */ = {isa = PBXBuildFile; fileRef = 97EC71322955DBEA009A2B14 /* ShareExhibitionViewModel.swift */; };
		97EC713529593161009A2B14 /* ExhibitionDetailModel.swift in Sources */ = {isa = PBXBuildFile; fileRef = 97EC713429593161009A2B14 /* ExhibitionDetailModel.swift */; };
		97EC713729593BE4009A2B14 /* ShareExhibitionHeader.swift in Sources */ = {isa = PBXBuildFile; fileRef = 97EC713629593BE4009A2B14 /* ShareExhibitionHeader.swift */; };
		97EC713929593C02009A2B14 /* ShareExhibitionFooter.swift in Sources */ = {isa = PBXBuildFile; fileRef = 97EC713829593C02009A2B14 /* ShareExhibitionFooter.swift */; };
		97F409B42813CA5600527646 /* MapViewController.swift in Sources */ = {isa = PBXBuildFile; fileRef = 97F409B32813CA5600527646 /* MapViewController.swift */; };
		97F409B62813CA6800527646 /* MapView.swift in Sources */ = {isa = PBXBuildFile; fileRef = 97F409B52813CA6800527646 /* MapView.swift */; };
		97F409B82813CA8000527646 /* MapViewModel.swift in Sources */ = {isa = PBXBuildFile; fileRef = 97F409B72813CA8000527646 /* MapViewModel.swift */; };
		97F6AEA02809737E00B61974 /* AppDelegate.swift in Sources */ = {isa = PBXBuildFile; fileRef = 97F6AE9F2809737E00B61974 /* AppDelegate.swift */; };
		97F6AEA22809737E00B61974 /* SceneDelegate.swift in Sources */ = {isa = PBXBuildFile; fileRef = 97F6AEA12809737E00B61974 /* SceneDelegate.swift */; };
		97F6AEA92809737F00B61974 /* Assets.xcassets in Resources */ = {isa = PBXBuildFile; fileRef = 97F6AEA82809737F00B61974 /* Assets.xcassets */; };
		97F6AEAC2809737F00B61974 /* LaunchScreen.storyboard in Resources */ = {isa = PBXBuildFile; fileRef = 97F6AEAA2809737F00B61974 /* LaunchScreen.storyboard */; };
		D6D683D73A80F1D6CE1F31DB /* Pods_TaiwanArtion.framework in Frameworks */ = {isa = PBXBuildFile; fileRef = B5E43A92E0B252512E0BBBED /* Pods_TaiwanArtion.framework */; };
/* End PBXBuildFile section */

/* Begin PBXContainerItemProxy section */
		97287ABB29529AA10003B184 /* PBXContainerItemProxy */ = {
			isa = PBXContainerItemProxy;
			containerPortal = 97F6AE942809737E00B61974 /* Project object */;
			proxyType = 1;
			remoteGlobalIDString = 97F6AE9B2809737E00B61974;
			remoteInfo = TaiwanArtion;
		};
		97287ACA29529B030003B184 /* PBXContainerItemProxy */ = {
			isa = PBXContainerItemProxy;
			containerPortal = 97F6AE942809737E00B61974 /* Project object */;
			proxyType = 1;
			remoteGlobalIDString = 97F6AE9B2809737E00B61974;
			remoteInfo = TaiwanArtion;
		};
/* End PBXContainerItemProxy section */

/* Begin PBXFileReference section */
		0D3A771C6FD194AE3B906211 /* Pods-TaiwanArtion.release.xcconfig */ = {isa = PBXFileReference; includeInIndex = 1; lastKnownFileType = text.xcconfig; name = "Pods-TaiwanArtion.release.xcconfig"; path = "Target Support Files/Pods-TaiwanArtion/Pods-TaiwanArtion.release.xcconfig"; sourceTree = "<group>"; };
		6211AE3E289766E30092202B /* Colors.xcassets */ = {isa = PBXFileReference; lastKnownFileType = folder.assetcatalog; path = Colors.xcassets; sourceTree = "<group>"; };
		6211AE41289773BF0092202B /* ScrollPhoto.swift */ = {isa = PBXFileReference; lastKnownFileType = sourcecode.swift; path = ScrollPhoto.swift; sourceTree = "<group>"; };
		6211AE432897B8F40092202B /* CellInfo.swift */ = {isa = PBXFileReference; lastKnownFileType = sourcecode.swift; path = CellInfo.swift; sourceTree = "<group>"; };
		624605C228913A3D00E590E3 /* CalendarView.swift */ = {isa = PBXFileReference; lastKnownFileType = sourcecode.swift; path = CalendarView.swift; sourceTree = "<group>"; };
		624605C528927F8800E590E3 /* SearchResultViewController.swift */ = {isa = PBXFileReference; lastKnownFileType = sourcecode.swift; path = SearchResultViewController.swift; sourceTree = "<group>"; };
		624605C82892836C00E590E3 /* ExhibitionDetailViewController.swift */ = {isa = PBXFileReference; lastKnownFileType = sourcecode.swift; path = ExhibitionDetailViewController.swift; sourceTree = "<group>"; };
		624605CA2893C65800E590E3 /* SearchResultTableView.swift */ = {isa = PBXFileReference; lastKnownFileType = sourcecode.swift; path = SearchResultTableView.swift; sourceTree = "<group>"; };
		624605CC2893C66F00E590E3 /* SearchResultListTableViewCell.swift */ = {isa = PBXFileReference; lastKnownFileType = sourcecode.swift; path = SearchResultListTableViewCell.swift; sourceTree = "<group>"; };
		624605CE2893D2C000E590E3 /* TotalExhibitionTableViewCell.swift */ = {isa = PBXFileReference; lastKnownFileType = sourcecode.swift; path = TotalExhibitionTableViewCell.swift; sourceTree = "<group>"; };
		624605D32896868700E590E3 /* InfoViewController.swift */ = {isa = PBXFileReference; lastKnownFileType = sourcecode.swift; path = InfoViewController.swift; sourceTree = "<group>"; };
		624605D5289686A300E590E3 /* FareViewController.swift */ = {isa = PBXFileReference; lastKnownFileType = sourcecode.swift; path = FareViewController.swift; sourceTree = "<group>"; };
		624605D7289686DD00E590E3 /* IntroduceViewController.swift */ = {isa = PBXFileReference; lastKnownFileType = sourcecode.swift; path = IntroduceViewController.swift; sourceTree = "<group>"; };
		625938FD289AC32600A900FD /* SearchResultViewModel.swift */ = {isa = PBXFileReference; lastKnownFileType = sourcecode.swift; path = SearchResultViewModel.swift; sourceTree = "<group>"; };
		62593903289C2EF700A900FD /* SearchRecordTableViewCell.swift */ = {isa = PBXFileReference; lastKnownFileType = sourcecode.swift; path = SearchRecordTableViewCell.swift; sourceTree = "<group>"; };
		626B7B32288D4923002D6540 /* MonthCollectionView.swift */ = {isa = PBXFileReference; lastKnownFileType = sourcecode.swift; path = MonthCollectionView.swift; sourceTree = "<group>"; };
		626B7B36288D7938002D6540 /* DateCell.swift */ = {isa = PBXFileReference; lastKnownFileType = sourcecode.swift; path = DateCell.swift; sourceTree = "<group>"; };
		626B7B38288D809D002D6540 /* MonthCollectionViewCell.swift */ = {isa = PBXFileReference; lastKnownFileType = sourcecode.swift; path = MonthCollectionViewCell.swift; sourceTree = "<group>"; };
		626B7B3A288FE484002D6540 /* DateHeader.swift */ = {isa = PBXFileReference; lastKnownFileType = sourcecode.swift; path = DateHeader.swift; sourceTree = "<group>"; };
		626C319C289E16A3005A3190 /* PhotosCollectionView.swift */ = {isa = PBXFileReference; lastKnownFileType = sourcecode.swift; path = PhotosCollectionView.swift; sourceTree = "<group>"; };
		626C319E289E17EE005A3190 /* PhotosCollectionViewCell.swift */ = {isa = PBXFileReference; lastKnownFileType = sourcecode.swift; path = PhotosCollectionViewCell.swift; sourceTree = "<group>"; };
		626C31A228A20DA4005A3190 /* SearchPageViewController.swift */ = {isa = PBXFileReference; lastKnownFileType = sourcecode.swift; path = SearchPageViewController.swift; sourceTree = "<group>"; };
		6274AA0828164AB7008D076D /* ScrollPhotoTableViewCell.swift */ = {isa = PBXFileReference; lastKnownFileType = sourcecode.swift; path = ScrollPhotoTableViewCell.swift; sourceTree = "<group>"; };
		6274AA0A2816D326008D076D /* FilterTableViewCell.swift */ = {isa = PBXFileReference; lastKnownFileType = sourcecode.swift; path = FilterTableViewCell.swift; sourceTree = "<group>"; };
		627F4ACE287FEDD100D86B07 /* WhetherStartExhibitionButton.swift */ = {isa = PBXFileReference; lastKnownFileType = sourcecode.swift; path = WhetherStartExhibitionButton.swift; sourceTree = "<group>"; };
		627F4AD0288011EE00D86B07 /* WhetherStartBottomSheetViewController.swift */ = {isa = PBXFileReference; lastKnownFileType = sourcecode.swift; path = WhetherStartBottomSheetViewController.swift; sourceTree = "<group>"; };
		62806AEB281A297900FD5AF2 /* Color.swift */ = {isa = PBXFileReference; lastKnownFileType = sourcecode.swift; path = Color.swift; sourceTree = "<group>"; };
		62A3F941287D262A0067B03C /* FilterExhibitionButtonCell.swift */ = {isa = PBXFileReference; lastKnownFileType = sourcecode.swift; path = FilterExhibitionButtonCell.swift; sourceTree = "<group>"; };
		62A3F945287D28290067B03C /* FilterExhibitionButton.swift */ = {isa = PBXFileReference; lastKnownFileType = sourcecode.swift; path = FilterExhibitionButton.swift; sourceTree = "<group>"; };
		62A558262872BB3C00EDCCB3 /* FindExhibitionViewModel.swift */ = {isa = PBXFileReference; lastKnownFileType = sourcecode.swift; path = FindExhibitionViewModel.swift; sourceTree = "<group>"; };
		62B753B62835F3FE00286FFF /* TabButtonCollectionViewCell.swift */ = {isa = PBXFileReference; lastKnownFileType = sourcecode.swift; path = TabButtonCollectionViewCell.swift; sourceTree = "<group>"; };
		62B753B82835F47D00286FFF /* AreaViewController.swift */ = {isa = PBXFileReference; lastKnownFileType = sourcecode.swift; path = AreaViewController.swift; sourceTree = "<group>"; };
		62B753BA2835F4A900286FFF /* ExhibitionPlaceViewController.swift */ = {isa = PBXFileReference; lastKnownFileType = sourcecode.swift; path = ExhibitionPlaceViewController.swift; sourceTree = "<group>"; };
		62B753BC2835F4BA00286FFF /* DateViewController.swift */ = {isa = PBXFileReference; lastKnownFileType = sourcecode.swift; path = DateViewController.swift; sourceTree = "<group>"; };
		62CB5D0A2871FE5100BDE1FB /* FindExhibitionTableView.swift */ = {isa = PBXFileReference; lastKnownFileType = sourcecode.swift; path = FindExhibitionTableView.swift; sourceTree = "<group>"; };
		62CD7695280D067200696DBC /* FindExhibitionViewController.swift */ = {isa = PBXFileReference; lastKnownFileType = sourcecode.swift; path = FindExhibitionViewController.swift; sourceTree = "<group>"; };
		62CD7697280D070300696DBC /* NearbyExhibitionViewController.swift */ = {isa = PBXFileReference; lastKnownFileType = sourcecode.swift; path = NearbyExhibitionViewController.swift; sourceTree = "<group>"; };
		62CD7699280D073E00696DBC /* ShareExhibitionViewController.swift */ = {isa = PBXFileReference; lastKnownFileType = sourcecode.swift; path = ShareExhibitionViewController.swift; sourceTree = "<group>"; };
		62CD769B280D08A600696DBC /* MainTabBarController.swift */ = {isa = PBXFileReference; lastKnownFileType = sourcecode.swift; path = MainTabBarController.swift; sourceTree = "<group>"; };
		62CD769F280D40A800696DBC /* SideMenuViewController.swift */ = {isa = PBXFileReference; lastKnownFileType = sourcecode.swift; path = SideMenuViewController.swift; sourceTree = "<group>"; };
		62CD76A5280D7EEF00696DBC /* SearchViewController.swift */ = {isa = PBXFileReference; lastKnownFileType = sourcecode.swift; path = SearchViewController.swift; sourceTree = "<group>"; };
		62D51EAF2817DA7D00010C6A /* SeeAllExhibitionViewController.swift */ = {isa = PBXFileReference; lastKnownFileType = sourcecode.swift; path = SeeAllExhibitionViewController.swift; sourceTree = "<group>"; };
		62DCAC122877CBC5004EC187 /* SeeAllExhibitionViewModel.swift */ = {isa = PBXFileReference; lastKnownFileType = sourcecode.swift; path = SeeAllExhibitionViewModel.swift; sourceTree = "<group>"; };
		62DCAC1A28783061004EC187 /* SeeAllExhibitionTableView.swift */ = {isa = PBXFileReference; lastKnownFileType = sourcecode.swift; path = SeeAllExhibitionTableView.swift; sourceTree = "<group>"; };
		62E6BE20288945290050920F /* NorthAreaButtons.swift */ = {isa = PBXFileReference; lastKnownFileType = sourcecode.swift; path = NorthAreaButtons.swift; sourceTree = "<group>"; };
		62E6BE22288945840050920F /* NorthAreaCell.swift */ = {isa = PBXFileReference; lastKnownFileType = sourcecode.swift; path = NorthAreaCell.swift; sourceTree = "<group>"; };
		62E6BE24288945C10050920F /* MiddleAreaButtons.swift */ = {isa = PBXFileReference; lastKnownFileType = sourcecode.swift; path = MiddleAreaButtons.swift; sourceTree = "<group>"; };
		62E6BE26288945D30050920F /* SouthAreaButtons.swift */ = {isa = PBXFileReference; lastKnownFileType = sourcecode.swift; path = SouthAreaButtons.swift; sourceTree = "<group>"; };
		62E6BE28288945E10050920F /* EastAreaButtons.swift */ = {isa = PBXFileReference; lastKnownFileType = sourcecode.swift; path = EastAreaButtons.swift; sourceTree = "<group>"; };
		62E6BE2A288945ED0050920F /* OuterIslandAreaButtons.swift */ = {isa = PBXFileReference; lastKnownFileType = sourcecode.swift; path = OuterIslandAreaButtons.swift; sourceTree = "<group>"; };
		62E6BE2C288946DE0050920F /* MiddleAreaCell.swift */ = {isa = PBXFileReference; lastKnownFileType = sourcecode.swift; path = MiddleAreaCell.swift; sourceTree = "<group>"; };
		62E6BE2E288946F10050920F /* SouthAreaCell.swift */ = {isa = PBXFileReference; lastKnownFileType = sourcecode.swift; path = SouthAreaCell.swift; sourceTree = "<group>"; };
		62E6BE30288947040050920F /* EastAreaCell.swift */ = {isa = PBXFileReference; lastKnownFileType = sourcecode.swift; path = EastAreaCell.swift; sourceTree = "<group>"; };
		62E6BE32288947150050920F /* OuterIslandAreaCell.swift */ = {isa = PBXFileReference; lastKnownFileType = sourcecode.swift; path = OuterIslandAreaCell.swift; sourceTree = "<group>"; };
		62EAB027288131520001B9BF /* SearchResultsTableViewCell.swift */ = {isa = PBXFileReference; lastKnownFileType = sourcecode.swift; path = SearchResultsTableViewCell.swift; sourceTree = "<group>"; };
		62EAB02C2881716B0001B9BF /* FilterPositionButtons.swift */ = {isa = PBXFileReference; lastKnownFileType = sourcecode.swift; path = FilterPositionButtons.swift; sourceTree = "<group>"; };
		62EAB02E2881720A0001B9BF /* FilterPositionCell.swift */ = {isa = PBXFileReference; lastKnownFileType = sourcecode.swift; path = FilterPositionCell.swift; sourceTree = "<group>"; };
		62EBB6D7280F999D00161036 /* FindExhibitionTableViewCell.swift */ = {isa = PBXFileReference; lastKnownFileType = sourcecode.swift; path = FindExhibitionTableViewCell.swift; sourceTree = "<group>"; };
		97287A9E294C27410003B184 /* ItemsCollectionCell.swift */ = {isa = PBXFileReference; lastKnownFileType = sourcecode.swift; path = ItemsCollectionCell.swift; sourceTree = "<group>"; };
		97287AA0295084280003B184 /* NavigateLocationView.swift */ = {isa = PBXFileReference; lastKnownFileType = sourcecode.swift; path = NavigateLocationView.swift; sourceTree = "<group>"; };
		97287AA22951E11B0003B184 /* FilterViewController.swift */ = {isa = PBXFileReference; lastKnownFileType = sourcecode.swift; path = FilterViewController.swift; sourceTree = "<group>"; };
		97287AA42951E16B0003B184 /* FilterView.swift */ = {isa = PBXFileReference; lastKnownFileType = sourcecode.swift; path = FilterView.swift; sourceTree = "<group>"; };
		97287AA62951E20B0003B184 /* FilterViewModel.swift */ = {isa = PBXFileReference; lastKnownFileType = sourcecode.swift; path = FilterViewModel.swift; sourceTree = "<group>"; };
		97287AB529529AA00003B184 /* TaiwanArtionUITests.xctest */ = {isa = PBXFileReference; explicitFileType = wrapper.cfbundle; includeInIndex = 0; path = TaiwanArtionUITests.xctest; sourceTree = BUILT_PRODUCTS_DIR; };
		97287AB729529AA10003B184 /* TaiwanArtionUITests.swift */ = {isa = PBXFileReference; lastKnownFileType = sourcecode.swift; path = TaiwanArtionUITests.swift; sourceTree = "<group>"; };
		97287AB929529AA10003B184 /* TaiwanArtionUITestsLaunchTests.swift */ = {isa = PBXFileReference; lastKnownFileType = sourcecode.swift; path = TaiwanArtionUITestsLaunchTests.swift; sourceTree = "<group>"; };
		97287AC029529AD80003B184 /* TaiwanArtionUnitTest.swift */ = {isa = PBXFileReference; lastKnownFileType = sourcecode.swift; path = TaiwanArtionUnitTest.swift; sourceTree = "<group>"; };
		97287AC629529B030003B184 /* TaiwanArtionTests.xctest */ = {isa = PBXFileReference; explicitFileType = wrapper.cfbundle; includeInIndex = 0; path = TaiwanArtionTests.xctest; sourceTree = BUILT_PRODUCTS_DIR; };
		97287AC829529B030003B184 /* TaiwanArtionTests.swift */ = {isa = PBXFileReference; lastKnownFileType = sourcecode.swift; path = TaiwanArtionTests.swift; sourceTree = "<group>"; };
		9756CA5F295E88C300DFCD61 /* AddPhotoViewController.swift */ = {isa = PBXFileReference; lastKnownFileType = sourcecode.swift; path = AddPhotoViewController.swift; sourceTree = "<group>"; };
		9756CA61295E88D600DFCD61 /* AddPhotoView.swift */ = {isa = PBXFileReference; lastKnownFileType = sourcecode.swift; path = AddPhotoView.swift; sourceTree = "<group>"; };
		9756CA63295E96FB00DFCD61 /* AddPhotoViewModel.swift */ = {isa = PBXFileReference; lastKnownFileType = sourcecode.swift; path = AddPhotoViewModel.swift; sourceTree = "<group>"; };
		9756CA652963A99800DFCD61 /* InputNameViewController.swift */ = {isa = PBXFileReference; lastKnownFileType = sourcecode.swift; path = InputNameViewController.swift; sourceTree = "<group>"; };
		9756CA672963A9AF00DFCD61 /* InputNameView.swift */ = {isa = PBXFileReference; lastKnownFileType = sourcecode.swift; path = InputNameView.swift; sourceTree = "<group>"; };
		9756CA692963A9CA00DFCD61 /* InputNameViewModel.swift */ = {isa = PBXFileReference; lastKnownFileType = sourcecode.swift; path = InputNameViewModel.swift; sourceTree = "<group>"; };
		9756CA6B2963AA0C00DFCD61 /* ChooseCityViewController.swift */ = {isa = PBXFileReference; lastKnownFileType = sourcecode.swift; path = ChooseCityViewController.swift; sourceTree = "<group>"; };
		9756CA6D2963AA2000DFCD61 /* ChooseCityView.swift */ = {isa = PBXFileReference; lastKnownFileType = sourcecode.swift; path = ChooseCityView.swift; sourceTree = "<group>"; };
		9756CA6F2963AA3100DFCD61 /* ChooseCityViewModel.swift */ = {isa = PBXFileReference; lastKnownFileType = sourcecode.swift; path = ChooseCityViewModel.swift; sourceTree = "<group>"; };
		97672CCA2916246A002BE893 /* Localizable.strings */ = {isa = PBXFileReference; lastKnownFileType = text.plist.strings; path = Localizable.strings; sourceTree = "<group>"; };
		97672CCC29164142002BE893 /* NearbyExhibitionViewModel.swift */ = {isa = PBXFileReference; lastKnownFileType = sourcecode.swift; path = NearbyExhibitionViewModel.swift; sourceTree = "<group>"; };
		979B5A4E295BD3A3005662B2 /* ShareExhibitionTableViewCell.swift */ = {isa = PBXFileReference; lastKnownFileType = sourcecode.swift; path = ShareExhibitionTableViewCell.swift; sourceTree = "<group>"; };
		97B3F6DC29417F7E004BBC67 /* NearByExhibitionView.swift */ = {isa = PBXFileReference; lastKnownFileType = sourcecode.swift; path = NearByExhibitionView.swift; sourceTree = "<group>"; };
		97B3F6DE2946D4CE004BBC67 /* UIBinder.swift */ = {isa = PBXFileReference; lastKnownFileType = sourcecode.swift; path = UIBinder.swift; sourceTree = "<group>"; };
		97B3F6E02948236C004BBC67 /* NearByExhibitionListView.swift */ = {isa = PBXFileReference; lastKnownFileType = sourcecode.swift; path = NearByExhibitionListView.swift; sourceTree = "<group>"; };
		97B3F6E2294824A0004BBC67 /* ExhibitionListTableViewTableViewCell.swift */ = {isa = PBXFileReference; lastKnownFileType = sourcecode.swift; path = ExhibitionListTableViewTableViewCell.swift; sourceTree = "<group>"; };
		97E0991C298FBFC300C2731F /* PhotoGalleryCollectionViewCell.swift */ = {isa = PBXFileReference; lastKnownFileType = sourcecode.swift; path = PhotoGalleryCollectionViewCell.swift; sourceTree = "<group>"; };
		97E0991E299C8E4200C2731F /* ChoosedPhotoCollectionViewCell.swift */ = {isa = PBXFileReference; lastKnownFileType = sourcecode.swift; path = ChoosedPhotoCollectionViewCell.swift; sourceTree = "<group>"; };
		97E09922299C903A00C2731F /* DisplayPhotosView.swift */ = {isa = PBXFileReference; lastKnownFileType = sourcecode.swift; path = DisplayPhotosView.swift; sourceTree = "<group>"; };
		97E09924299D7C5D00C2731F /* PlaceChooseViewController.swift */ = {isa = PBXFileReference; lastKnownFileType = sourcecode.swift; path = PlaceChooseViewController.swift; sourceTree = "<group>"; };
		97E09926299D9C0500C2731F /* ShareExhibitionTextFieldTableViewCell.swift */ = {isa = PBXFileReference; lastKnownFileType = sourcecode.swift; path = ShareExhibitionTextFieldTableViewCell.swift; sourceTree = "<group>"; };
		97E09928299DFEA700C2731F /* ExhibitionModel.swift */ = {isa = PBXFileReference; lastKnownFileType = sourcecode.swift; path = ExhibitionModel.swift; sourceTree = "<group>"; };
		97E0992A299F26EA00C2731F /* UIViewController.swift */ = {isa = PBXFileReference; lastKnownFileType = sourcecode.swift; path = UIViewController.swift; sourceTree = "<group>"; };
		97E0992D299F295400C2731F /* AlertViewController.swift */ = {isa = PBXFileReference; lastKnownFileType = sourcecode.swift; path = AlertViewController.swift; sourceTree = "<group>"; };
		97E0992F299F906B00C2731F /* Logo.xcassets */ = {isa = PBXFileReference; lastKnownFileType = folder.assetcatalog; path = Logo.xcassets; sourceTree = "<group>"; };
		97E2137229B0B3A0008F3E15 /* ChooseCalenderViewController.swift */ = {isa = PBXFileReference; lastKnownFileType = sourcecode.swift; path = ChooseCalenderViewController.swift; sourceTree = "<group>"; };
		97E2137429B0B466008F3E15 /* ChooseCalenderView.swift */ = {isa = PBXFileReference; lastKnownFileType = sourcecode.swift; path = ChooseCalenderView.swift; sourceTree = "<group>"; };
		97E2137629B0C245008F3E15 /* ChooseCalenderTableViewCell.swift */ = {isa = PBXFileReference; lastKnownFileType = sourcecode.swift; path = ChooseCalenderTableViewCell.swift; sourceTree = "<group>"; };
		97E213EB29B1C3DA008F3E15 /* GoogleService-Info.plist */ = {isa = PBXFileReference; fileEncoding = 4; lastKnownFileType = text.plist.xml; name = "GoogleService-Info.plist"; path = "../../../Desktop/GoogleService-Info.plist"; sourceTree = "<group>"; };
		97E213F729B1D107008F3E15 /* AddCalendarViewController.swift */ = {isa = PBXFileReference; lastKnownFileType = sourcecode.swift; path = AddCalendarViewController.swift; sourceTree = "<group>"; };
		97E213F829B1D107008F3E15 /* AddCalendarViewController.xib */ = {isa = PBXFileReference; lastKnownFileType = file.xib; path = AddCalendarViewController.xib; sourceTree = "<group>"; };
		97E213FB29B1EBEC008F3E15 /* CheckAlertViewController.swift */ = {isa = PBXFileReference; lastKnownFileType = sourcecode.swift; path = CheckAlertViewController.swift; sourceTree = "<group>"; };
		97E213FC29B1EBED008F3E15 /* CheckAlertViewController.xib */ = {isa = PBXFileReference; lastKnownFileType = file.xib; path = CheckAlertViewController.xib; sourceTree = "<group>"; };
		97EC71302955DBBD009A2B14 /* ShareExhibitionView.swift */ = {isa = PBXFileReference; lastKnownFileType = sourcecode.swift; path = ShareExhibitionView.swift; sourceTree = "<group>"; };
		97EC71322955DBEA009A2B14 /* ShareExhibitionViewModel.swift */ = {isa = PBXFileReference; lastKnownFileType = sourcecode.swift; path = ShareExhibitionViewModel.swift; sourceTree = "<group>"; };
		97EC713429593161009A2B14 /* ExhibitionDetailModel.swift */ = {isa = PBXFileReference; lastKnownFileType = sourcecode.swift; path = ExhibitionDetailModel.swift; sourceTree = "<group>"; };
		97EC713629593BE4009A2B14 /* ShareExhibitionHeader.swift */ = {isa = PBXFileReference; lastKnownFileType = sourcecode.swift; path = ShareExhibitionHeader.swift; sourceTree = "<group>"; };
		97EC713829593C02009A2B14 /* ShareExhibitionFooter.swift */ = {isa = PBXFileReference; lastKnownFileType = sourcecode.swift; path = ShareExhibitionFooter.swift; sourceTree = "<group>"; };
		97F409B32813CA5600527646 /* MapViewController.swift */ = {isa = PBXFileReference; lastKnownFileType = sourcecode.swift; path = MapViewController.swift; sourceTree = "<group>"; };
		97F409B52813CA6800527646 /* MapView.swift */ = {isa = PBXFileReference; lastKnownFileType = sourcecode.swift; path = MapView.swift; sourceTree = "<group>"; };
		97F409B72813CA8000527646 /* MapViewModel.swift */ = {isa = PBXFileReference; lastKnownFileType = sourcecode.swift; path = MapViewModel.swift; sourceTree = "<group>"; };
		97F6AE9C2809737E00B61974 /* TaiwanArtion.app */ = {isa = PBXFileReference; explicitFileType = wrapper.application; includeInIndex = 0; path = TaiwanArtion.app; sourceTree = BUILT_PRODUCTS_DIR; };
		97F6AE9F2809737E00B61974 /* AppDelegate.swift */ = {isa = PBXFileReference; lastKnownFileType = sourcecode.swift; path = AppDelegate.swift; sourceTree = "<group>"; };
		97F6AEA12809737E00B61974 /* SceneDelegate.swift */ = {isa = PBXFileReference; lastKnownFileType = sourcecode.swift; path = SceneDelegate.swift; sourceTree = "<group>"; };
		97F6AEA82809737F00B61974 /* Assets.xcassets */ = {isa = PBXFileReference; lastKnownFileType = folder.assetcatalog; path = Assets.xcassets; sourceTree = "<group>"; };
		97F6AEAB2809737F00B61974 /* Base */ = {isa = PBXFileReference; lastKnownFileType = file.storyboard; name = Base; path = Base.lproj/LaunchScreen.storyboard; sourceTree = "<group>"; };
		97F6AEAD2809737F00B61974 /* Info.plist */ = {isa = PBXFileReference; lastKnownFileType = text.plist.xml; path = Info.plist; sourceTree = "<group>"; };
		9916CEA9B02AFB34C3B45DF8 /* Pods-TaiwanArtion.debug.xcconfig */ = {isa = PBXFileReference; includeInIndex = 1; lastKnownFileType = text.xcconfig; name = "Pods-TaiwanArtion.debug.xcconfig"; path = "Target Support Files/Pods-TaiwanArtion/Pods-TaiwanArtion.debug.xcconfig"; sourceTree = "<group>"; };
		B5E43A92E0B252512E0BBBED /* Pods_TaiwanArtion.framework */ = {isa = PBXFileReference; explicitFileType = wrapper.framework; includeInIndex = 0; path = Pods_TaiwanArtion.framework; sourceTree = BUILT_PRODUCTS_DIR; };
/* End PBXFileReference section */

/* Begin PBXFrameworksBuildPhase section */
		97287AB229529AA00003B184 /* Frameworks */ = {
			isa = PBXFrameworksBuildPhase;
			buildActionMask = 2147483647;
			files = (
			);
			runOnlyForDeploymentPostprocessing = 0;
		};
		97287AC329529B030003B184 /* Frameworks */ = {
			isa = PBXFrameworksBuildPhase;
			buildActionMask = 2147483647;
			files = (
			);
			runOnlyForDeploymentPostprocessing = 0;
		};
		97F6AE992809737E00B61974 /* Frameworks */ = {
			isa = PBXFrameworksBuildPhase;
			buildActionMask = 2147483647;
			files = (
				D6D683D73A80F1D6CE1F31DB /* Pods_TaiwanArtion.framework in Frameworks */,
			);
			runOnlyForDeploymentPostprocessing = 0;
		};
/* End PBXFrameworksBuildPhase section */

/* Begin PBXGroup section */
		1FBB2786B5458FCAE4163CF0 /* Pods */ = {
			isa = PBXGroup;
			children = (
				9916CEA9B02AFB34C3B45DF8 /* Pods-TaiwanArtion.debug.xcconfig */,
				0D3A771C6FD194AE3B906211 /* Pods-TaiwanArtion.release.xcconfig */,
			);
			path = Pods;
			sourceTree = "<group>";
		};
		624605C428927E7500E590E3 /* SearchResult */ = {
			isa = PBXGroup;
			children = (
				625938FD289AC32600A900FD /* SearchResultViewModel.swift */,
				624605C528927F8800E590E3 /* SearchResultViewController.swift */,
				624605CA2893C65800E590E3 /* SearchResultTableView.swift */,
				624605CE2893D2C000E590E3 /* TotalExhibitionTableViewCell.swift */,
				624605CC2893C66F00E590E3 /* SearchResultListTableViewCell.swift */,
			);
			name = SearchResult;
			sourceTree = "<group>";
		};
		624605C7289282B900E590E3 /* ExhibitionDetail */ = {
			isa = PBXGroup;
			children = (
				624605C82892836C00E590E3 /* ExhibitionDetailViewController.swift */,
				626C319C289E16A3005A3190 /* PhotosCollectionView.swift */,
				626C319E289E17EE005A3190 /* PhotosCollectionViewCell.swift */,
				624605D0289685A400E590E3 /* Info */,
				624605D1289685F500E590E3 /* Fare */,
				624605D22896864200E590E3 /* Introduce */,
			);
			name = ExhibitionDetail;
			sourceTree = "<group>";
		};
		624605D0289685A400E590E3 /* Info */ = {
			isa = PBXGroup;
			children = (
				624605D32896868700E590E3 /* InfoViewController.swift */,
			);
			name = Info;
			sourceTree = "<group>";
		};
		624605D1289685F500E590E3 /* Fare */ = {
			isa = PBXGroup;
			children = (
				624605D5289686A300E590E3 /* FareViewController.swift */,
			);
			name = Fare;
			sourceTree = "<group>";
		};
		624605D22896864200E590E3 /* Introduce */ = {
			isa = PBXGroup;
			children = (
				624605D7289686DD00E590E3 /* IntroduceViewController.swift */,
			);
			name = Introduce;
			sourceTree = "<group>";
		};
		626B7B31288D4851002D6540 /* Calendar */ = {
			isa = PBXGroup;
			children = (
				624605C228913A3D00E590E3 /* CalendarView.swift */,
				626B7B36288D7938002D6540 /* DateCell.swift */,
				626B7B3A288FE484002D6540 /* DateHeader.swift */,
			);
			name = Calendar;
			sourceTree = "<group>";
		};
		627F4ACD287FEDA500D86B07 /* WhetherStartExhibitionButton */ = {
			isa = PBXGroup;
			children = (
				627F4ACE287FEDD100D86B07 /* WhetherStartExhibitionButton.swift */,
			);
			name = WhetherStartExhibitionButton;
			sourceTree = "<group>";
		};
		62A3F93E287D17F50067B03C /* FilterExhibitionButton */ = {
			isa = PBXGroup;
			children = (
				62A3F945287D28290067B03C /* FilterExhibitionButton.swift */,
				62A3F941287D262A0067B03C /* FilterExhibitionButtonCell.swift */,
			);
			name = FilterExhibitionButton;
			sourceTree = "<group>";
		};
		62A3F94E287F005D0067B03C /* SearchBar */ = {
			isa = PBXGroup;
			children = (
				626C31A228A20DA4005A3190 /* SearchPageViewController.swift */,
				62EAB027288131520001B9BF /* SearchResultsTableViewCell.swift */,
				62593903289C2EF700A900FD /* SearchRecordTableViewCell.swift */,
			);
			name = SearchBar;
			sourceTree = "<group>";
		};
		62B753BE2835F4D500286FFF /* Area */ = {
			isa = PBXGroup;
			children = (
				62B753B82835F47D00286FFF /* AreaViewController.swift */,
			);
			name = Area;
			sourceTree = "<group>";
		};
		62B753BF2835F4E400286FFF /* ExhibitionPlace */ = {
			isa = PBXGroup;
			children = (
				62B753BA2835F4A900286FFF /* ExhibitionPlaceViewController.swift */,
			);
			name = ExhibitionPlace;
			sourceTree = "<group>";
		};
		62B753C02835F4F300286FFF /* Date */ = {
			isa = PBXGroup;
			children = (
				62B753BC2835F4BA00286FFF /* DateViewController.swift */,
				626B7B32288D4923002D6540 /* MonthCollectionView.swift */,
				626B7B38288D809D002D6540 /* MonthCollectionViewCell.swift */,
			);
			name = Date;
			sourceTree = "<group>";
		};
		62CB5D092871FAB600BDE1FB /* Extension */ = {
			isa = PBXGroup;
			children = (
				62806AEB281A297900FD5AF2 /* Color.swift */,
				97B3F6DE2946D4CE004BBC67 /* UIBinder.swift */,
				97E0992A299F26EA00C2731F /* UIViewController.swift */,
			);
			name = Extension;
			sourceTree = "<group>";
		};
		62CD768D280D040000696DBC /* Application */ = {
			isa = PBXGroup;
			children = (
				97F6AE9F2809737E00B61974 /* AppDelegate.swift */,
				97F6AEA12809737E00B61974 /* SceneDelegate.swift */,
			);
			name = Application;
			sourceTree = "<group>";
		};
		62CD768E280D040F00696DBC /* FindExhibition */ = {
			isa = PBXGroup;
			children = (
				62A558262872BB3C00EDCCB3 /* FindExhibitionViewModel.swift */,
				62CD7695280D067200696DBC /* FindExhibitionViewController.swift */,
				62CB5D0A2871FE5100BDE1FB /* FindExhibitionTableView.swift */,
				6274AA0828164AB7008D076D /* ScrollPhotoTableViewCell.swift */,
				6274AA0A2816D326008D076D /* FilterTableViewCell.swift */,
				62EBB6D7280F999D00161036 /* FindExhibitionTableViewCell.swift */,
				97E2137229B0B3A0008F3E15 /* ChooseCalenderViewController.swift */,
				97E2137429B0B466008F3E15 /* ChooseCalenderView.swift */,
				97E2137629B0C245008F3E15 /* ChooseCalenderTableViewCell.swift */,
				62CD76AC280D87BF00696DBC /* SideMenu */,
				62D51EAE2817DA0D00010C6A /* SeeAll */,
				62CD76AA280D805900696DBC /* Search */,
			);
			name = FindExhibition;
			sourceTree = "<group>";
		};
		62CD7694280D04EF00696DBC /* TabBarController */ = {
			isa = PBXGroup;
			children = (
				62CD769B280D08A600696DBC /* MainTabBarController.swift */,
			);
			name = TabBarController;
			sourceTree = "<group>";
		};
		62CD76A3280D797500696DBC /* NearbyExhibition */ = {
			isa = PBXGroup;
			children = (
				62CD7697280D070300696DBC /* NearbyExhibitionViewController.swift */,
				97672CCC29164142002BE893 /* NearbyExhibitionViewModel.swift */,
				97B3F6DC29417F7E004BBC67 /* NearByExhibitionView.swift */,
				97B3F6E02948236C004BBC67 /* NearByExhibitionListView.swift */,
				97287AA0295084280003B184 /* NavigateLocationView.swift */,
				97B3F6E2294824A0004BBC67 /* ExhibitionListTableViewTableViewCell.swift */,
				97287A9E294C27410003B184 /* ItemsCollectionCell.swift */,
				97287AA22951E11B0003B184 /* FilterViewController.swift */,
				97287AA62951E20B0003B184 /* FilterViewModel.swift */,
				97287AA42951E16B0003B184 /* FilterView.swift */,
			);
			name = NearbyExhibition;
			sourceTree = "<group>";
		};
		62CD76A4280D7AB000696DBC /* ShareExhibition */ = {
			isa = PBXGroup;
			children = (
				62CD7699280D073E00696DBC /* ShareExhibitionViewController.swift */,
				97E09924299D7C5D00C2731F /* PlaceChooseViewController.swift */,
				97EC71302955DBBD009A2B14 /* ShareExhibitionView.swift */,
				97EC71322955DBEA009A2B14 /* ShareExhibitionViewModel.swift */,
				97EC713629593BE4009A2B14 /* ShareExhibitionHeader.swift */,
				97E09922299C903A00C2731F /* DisplayPhotosView.swift */,
				97E0991E299C8E4200C2731F /* ChoosedPhotoCollectionViewCell.swift */,
				97EC713829593C02009A2B14 /* ShareExhibitionFooter.swift */,
				979B5A4E295BD3A3005662B2 /* ShareExhibitionTableViewCell.swift */,
				97E09926299D9C0500C2731F /* ShareExhibitionTextFieldTableViewCell.swift */,
				9756CA5F295E88C300DFCD61 /* AddPhotoViewController.swift */,
				97E0991C298FBFC300C2731F /* PhotoGalleryCollectionViewCell.swift */,
				9756CA61295E88D600DFCD61 /* AddPhotoView.swift */,
				9756CA63295E96FB00DFCD61 /* AddPhotoViewModel.swift */,
				9756CA652963A99800DFCD61 /* InputNameViewController.swift */,
				9756CA672963A9AF00DFCD61 /* InputNameView.swift */,
				9756CA692963A9CA00DFCD61 /* InputNameViewModel.swift */,
				9756CA6B2963AA0C00DFCD61 /* ChooseCityViewController.swift */,
				9756CA6D2963AA2000DFCD61 /* ChooseCityView.swift */,
				9756CA6F2963AA3100DFCD61 /* ChooseCityViewModel.swift */,
			);
			name = ShareExhibition;
			sourceTree = "<group>";
		};
		62CD76AA280D805900696DBC /* Search */ = {
			isa = PBXGroup;
			children = (
				62CD76A5280D7EEF00696DBC /* SearchViewController.swift */,
				627F4AD0288011EE00D86B07 /* WhetherStartBottomSheetViewController.swift */,
				62B753B62835F3FE00286FFF /* TabButtonCollectionViewCell.swift */,
				62B753BE2835F4D500286FFF /* Area */,
				62B753BF2835F4E400286FFF /* ExhibitionPlace */,
				62B753C02835F4F300286FFF /* Date */,
				624605C428927E7500E590E3 /* SearchResult */,
				624605C7289282B900E590E3 /* ExhibitionDetail */,
			);
			name = Search;
			sourceTree = "<group>";
		};
		62CD76AC280D87BF00696DBC /* SideMenu */ = {
			isa = PBXGroup;
			children = (
				62CD769F280D40A800696DBC /* SideMenuViewController.swift */,
			);
			name = SideMenu;
			sourceTree = "<group>";
		};
		62D51EAE2817DA0D00010C6A /* SeeAll */ = {
			isa = PBXGroup;
			children = (
				62DCAC122877CBC5004EC187 /* SeeAllExhibitionViewModel.swift */,
				62D51EAF2817DA7D00010C6A /* SeeAllExhibitionViewController.swift */,
				62DCAC1A28783061004EC187 /* SeeAllExhibitionTableView.swift */,
			);
			name = SeeAll;
			sourceTree = "<group>";
		};
		62DCAC1C287832AC004EC187 /* UI */ = {
			isa = PBXGroup;
			children = (
				62A3F94E287F005D0067B03C /* SearchBar */,
				627F4ACD287FEDA500D86B07 /* WhetherStartExhibitionButton */,
				62EAB02B288171130001B9BF /* FilterButtons */,
				626B7B31288D4851002D6540 /* Calendar */,
			);
			name = UI;
			sourceTree = "<group>";
		};
		62E6BE1B2889442F0050920F /* NorthAreaButtons */ = {
			isa = PBXGroup;
			children = (
				62E6BE20288945290050920F /* NorthAreaButtons.swift */,
				62E6BE22288945840050920F /* NorthAreaCell.swift */,
			);
			name = NorthAreaButtons;
			sourceTree = "<group>";
		};
		62E6BE1C288944720050920F /* MiddleAreaButtons */ = {
			isa = PBXGroup;
			children = (
				62E6BE24288945C10050920F /* MiddleAreaButtons.swift */,
				62E6BE2C288946DE0050920F /* MiddleAreaCell.swift */,
			);
			name = MiddleAreaButtons;
			sourceTree = "<group>";
		};
		62E6BE1D288944A60050920F /* SouthAreaButtons */ = {
			isa = PBXGroup;
			children = (
				62E6BE26288945D30050920F /* SouthAreaButtons.swift */,
				62E6BE2E288946F10050920F /* SouthAreaCell.swift */,
			);
			name = SouthAreaButtons;
			sourceTree = "<group>";
		};
		62E6BE1E288944B70050920F /* EastAreaButtons */ = {
			isa = PBXGroup;
			children = (
				62E6BE28288945E10050920F /* EastAreaButtons.swift */,
				62E6BE30288947040050920F /* EastAreaCell.swift */,
			);
			name = EastAreaButtons;
			sourceTree = "<group>";
		};
		62E6BE1F288944C50050920F /* OuterIslandAreaButtons */ = {
			isa = PBXGroup;
			children = (
				62E6BE2A288945ED0050920F /* OuterIslandAreaButtons.swift */,
				62E6BE32288947150050920F /* OuterIslandAreaCell.swift */,
			);
			name = OuterIslandAreaButtons;
			sourceTree = "<group>";
		};
		62E6BE3C288998F10050920F /* FilterPositionButtons */ = {
			isa = PBXGroup;
			children = (
				62EAB02C2881716B0001B9BF /* FilterPositionButtons.swift */,
				62EAB02E2881720A0001B9BF /* FilterPositionCell.swift */,
			);
			name = FilterPositionButtons;
			sourceTree = "<group>";
		};
		62EAB02B288171130001B9BF /* FilterButtons */ = {
			isa = PBXGroup;
			children = (
				62A3F93E287D17F50067B03C /* FilterExhibitionButton */,
				62E6BE1B2889442F0050920F /* NorthAreaButtons */,
				62E6BE1C288944720050920F /* MiddleAreaButtons */,
				62E6BE1D288944A60050920F /* SouthAreaButtons */,
				62E6BE1E288944B70050920F /* EastAreaButtons */,
				62E6BE1F288944C50050920F /* OuterIslandAreaButtons */,
				62E6BE3C288998F10050920F /* FilterPositionButtons */,
			);
			name = FilterButtons;
			sourceTree = "<group>";
		};
		97287AB629529AA10003B184 /* TaiwanArtionUITests */ = {
			isa = PBXGroup;
			children = (
				97287AC029529AD80003B184 /* TaiwanArtionUnitTest.swift */,
				97287AB729529AA10003B184 /* TaiwanArtionUITests.swift */,
				97287AB929529AA10003B184 /* TaiwanArtionUITestsLaunchTests.swift */,
			);
			path = TaiwanArtionUITests;
			sourceTree = "<group>";
		};
		97287AC729529B030003B184 /* TaiwanArtionTests */ = {
			isa = PBXGroup;
			children = (
				97287AC829529B030003B184 /* TaiwanArtionTests.swift */,
			);
			path = TaiwanArtionTests;
			sourceTree = "<group>";
		};
		97E0992C299F28F600C2731F /* Alerts */ = {
			isa = PBXGroup;
			children = (
				97E213F729B1D107008F3E15 /* AddCalendarViewController.swift */,
				97E213F829B1D107008F3E15 /* AddCalendarViewController.xib */,
				97E0992D299F295400C2731F /* AlertViewController.swift */,
				97E213FB29B1EBEC008F3E15 /* CheckAlertViewController.swift */,
				97E213FC29B1EBED008F3E15 /* CheckAlertViewController.xib */,
			);
			name = Alerts;
			sourceTree = "<group>";
		};
		97F409B22813CA3B00527646 /* MapViewController */ = {
			isa = PBXGroup;
			children = (
				97F409B32813CA5600527646 /* MapViewController.swift */,
				97F409B52813CA6800527646 /* MapView.swift */,
				97F409B72813CA8000527646 /* MapViewModel.swift */,
				97672CCA2916246A002BE893 /* Localizable.strings */,
			);
			name = MapViewController;
			sourceTree = "<group>";
		};
		97F409B92813CA9500527646 /* Model */ = {
			isa = PBXGroup;
			children = (
				6211AE41289773BF0092202B /* ScrollPhoto.swift */,
				6211AE432897B8F40092202B /* CellInfo.swift */,
				97EC713429593161009A2B14 /* ExhibitionDetailModel.swift */,
				97E09928299DFEA700C2731F /* ExhibitionModel.swift */,
			);
			name = Model;
			sourceTree = "<group>";
		};
		97F409BC2813CAB500527646 /* CustomObject */ = {
			isa = PBXGroup;
			children = (
			);
			name = CustomObject;
			sourceTree = "<group>";
		};
		97F6AE932809737E00B61974 = {
			isa = PBXGroup;
			children = (
				97F6AE9E2809737E00B61974 /* TaiwanArtion */,
				97287AB629529AA10003B184 /* TaiwanArtionUITests */,
				97287AC729529B030003B184 /* TaiwanArtionTests */,
				97F6AE9D2809737E00B61974 /* Products */,
				1FBB2786B5458FCAE4163CF0 /* Pods */,
				FC2577B9F32D1F8119565376 /* Frameworks */,
			);
			sourceTree = "<group>";
		};
		97F6AE9D2809737E00B61974 /* Products */ = {
			isa = PBXGroup;
			children = (
				97F6AE9C2809737E00B61974 /* TaiwanArtion.app */,
				97287AB529529AA00003B184 /* TaiwanArtionUITests.xctest */,
				97287AC629529B030003B184 /* TaiwanArtionTests.xctest */,
			);
			name = Products;
			sourceTree = "<group>";
		};
		97F6AE9E2809737E00B61974 /* TaiwanArtion */ = {
			isa = PBXGroup;
			children = (
				97F409BC2813CAB500527646 /* CustomObject */,
				62CD768D280D040000696DBC /* Application */,
				97F409B92813CA9500527646 /* Model */,
				62CB5D092871FAB600BDE1FB /* Extension */,
				62DCAC1C287832AC004EC187 /* UI */,
				62CD7694280D04EF00696DBC /* TabBarController */,
				62CD768E280D040F00696DBC /* FindExhibition */,
				62CD76A3280D797500696DBC /* NearbyExhibition */,
				62CD76A4280D7AB000696DBC /* ShareExhibition */,
				97F409B22813CA3B00527646 /* MapViewController */,
				97E0992C299F28F600C2731F /* Alerts */,
				6211AE3E289766E30092202B /* Colors.xcassets */,
				97F6AEA82809737F00B61974 /* Assets.xcassets */,
				97E0992F299F906B00C2731F /* Logo.xcassets */,
				97F6AEAA2809737F00B61974 /* LaunchScreen.storyboard */,
				97E213EB29B1C3DA008F3E15 /* GoogleService-Info.plist */,
				97F6AEAD2809737F00B61974 /* Info.plist */,
			);
			path = TaiwanArtion;
			sourceTree = "<group>";
		};
		FC2577B9F32D1F8119565376 /* Frameworks */ = {
			isa = PBXGroup;
			children = (
				B5E43A92E0B252512E0BBBED /* Pods_TaiwanArtion.framework */,
			);
			name = Frameworks;
			sourceTree = "<group>";
		};
/* End PBXGroup section */

/* Begin PBXNativeTarget section */
		97287AB429529AA00003B184 /* TaiwanArtionUITests */ = {
			isa = PBXNativeTarget;
			buildConfigurationList = 97287ABD29529AA10003B184 /* Build configuration list for PBXNativeTarget "TaiwanArtionUITests" */;
			buildPhases = (
				97287AB129529AA00003B184 /* Sources */,
				97287AB229529AA00003B184 /* Frameworks */,
				97287AB329529AA00003B184 /* Resources */,
			);
			buildRules = (
			);
			dependencies = (
				97287ABC29529AA10003B184 /* PBXTargetDependency */,
			);
			name = TaiwanArtionUITests;
			productName = TaiwanArtionUITests;
			productReference = 97287AB529529AA00003B184 /* TaiwanArtionUITests.xctest */;
			productType = "com.apple.product-type.bundle.ui-testing";
		};
		97287AC529529B030003B184 /* TaiwanArtionTests */ = {
			isa = PBXNativeTarget;
			buildConfigurationList = 97287ACC29529B030003B184 /* Build configuration list for PBXNativeTarget "TaiwanArtionTests" */;
			buildPhases = (
				97287AC229529B030003B184 /* Sources */,
				97287AC329529B030003B184 /* Frameworks */,
				97287AC429529B030003B184 /* Resources */,
			);
			buildRules = (
			);
			dependencies = (
				97287ACB29529B030003B184 /* PBXTargetDependency */,
			);
			name = TaiwanArtionTests;
			productName = TaiwanArtionTests;
			productReference = 97287AC629529B030003B184 /* TaiwanArtionTests.xctest */;
			productType = "com.apple.product-type.bundle.unit-test";
		};
		97F6AE9B2809737E00B61974 /* TaiwanArtion */ = {
			isa = PBXNativeTarget;
			buildConfigurationList = 97F6AEB02809737F00B61974 /* Build configuration list for PBXNativeTarget "TaiwanArtion" */;
			buildPhases = (
				19C723D1396269CF92E5B2D5 /* [CP] Check Pods Manifest.lock */,
				97F6AE982809737E00B61974 /* Sources */,
				97F6AE992809737E00B61974 /* Frameworks */,
				97F6AE9A2809737E00B61974 /* Resources */,
				E5823A74F2E2C07268FDD2A4 /* [CP] Embed Pods Frameworks */,
			);
			buildRules = (
			);
			dependencies = (
			);
			name = TaiwanArtion;
			productName = TaiwanArtion;
			productReference = 97F6AE9C2809737E00B61974 /* TaiwanArtion.app */;
			productType = "com.apple.product-type.application";
		};
/* End PBXNativeTarget section */

/* Begin PBXProject section */
		97F6AE942809737E00B61974 /* Project object */ = {
			isa = PBXProject;
			attributes = {
				BuildIndependentTargetsInParallel = 1;
				LastSwiftUpdateCheck = 1320;
				LastUpgradeCheck = 1320;
				TargetAttributes = {
					97287AB429529AA00003B184 = {
						CreatedOnToolsVersion = 13.2.1;
						TestTargetID = 97F6AE9B2809737E00B61974;
					};
					97287AC529529B030003B184 = {
						CreatedOnToolsVersion = 13.2.1;
						TestTargetID = 97F6AE9B2809737E00B61974;
					};
					97F6AE9B2809737E00B61974 = {
						CreatedOnToolsVersion = 13.2.1;
					};
				};
			};
			buildConfigurationList = 97F6AE972809737E00B61974 /* Build configuration list for PBXProject "TaiwanArtion" */;
			compatibilityVersion = "Xcode 13.0";
			developmentRegion = en;
			hasScannedForEncodings = 0;
			knownRegions = (
				en,
				Base,
			);
			mainGroup = 97F6AE932809737E00B61974;
			productRefGroup = 97F6AE9D2809737E00B61974 /* Products */;
			projectDirPath = "";
			projectRoot = "";
			targets = (
				97F6AE9B2809737E00B61974 /* TaiwanArtion */,
				97287AB429529AA00003B184 /* TaiwanArtionUITests */,
				97287AC529529B030003B184 /* TaiwanArtionTests */,
			);
		};
/* End PBXProject section */

/* Begin PBXResourcesBuildPhase section */
		97287AB329529AA00003B184 /* Resources */ = {
			isa = PBXResourcesBuildPhase;
			buildActionMask = 2147483647;
			files = (
			);
			runOnlyForDeploymentPostprocessing = 0;
		};
		97287AC429529B030003B184 /* Resources */ = {
			isa = PBXResourcesBuildPhase;
			buildActionMask = 2147483647;
			files = (
			);
			runOnlyForDeploymentPostprocessing = 0;
		};
		97F6AE9A2809737E00B61974 /* Resources */ = {
			isa = PBXResourcesBuildPhase;
			buildActionMask = 2147483647;
			files = (
				6211AE3F289766E30092202B /* Colors.xcassets in Resources */,
				97672CCB2916246A002BE893 /* Localizable.strings in Resources */,
				97E213FE29B1EBED008F3E15 /* CheckAlertViewController.xib in Resources */,
				97E213FA29B1D107008F3E15 /* AddCalendarViewController.xib in Resources */,
				97F6AEAC2809737F00B61974 /* LaunchScreen.storyboard in Resources */,
				97F6AEA92809737F00B61974 /* Assets.xcassets in Resources */,
				97E09930299F906B00C2731F /* Logo.xcassets in Resources */,
				97E213EC29B1C3DA008F3E15 /* GoogleService-Info.plist in Resources */,
			);
			runOnlyForDeploymentPostprocessing = 0;
		};
/* End PBXResourcesBuildPhase section */

/* Begin PBXShellScriptBuildPhase section */
		19C723D1396269CF92E5B2D5 /* [CP] Check Pods Manifest.lock */ = {
			isa = PBXShellScriptBuildPhase;
			buildActionMask = 2147483647;
			files = (
			);
			inputFileListPaths = (
			);
			inputPaths = (
				"${PODS_PODFILE_DIR_PATH}/Podfile.lock",
				"${PODS_ROOT}/Manifest.lock",
			);
			name = "[CP] Check Pods Manifest.lock";
			outputFileListPaths = (
			);
			outputPaths = (
				"$(DERIVED_FILE_DIR)/Pods-TaiwanArtion-checkManifestLockResult.txt",
			);
			runOnlyForDeploymentPostprocessing = 0;
			shellPath = /bin/sh;
			shellScript = "diff \"${PODS_PODFILE_DIR_PATH}/Podfile.lock\" \"${PODS_ROOT}/Manifest.lock\" > /dev/null\nif [ $? != 0 ] ; then\n    # print error to STDERR\n    echo \"error: The sandbox is not in sync with the Podfile.lock. Run 'pod install' or update your CocoaPods installation.\" >&2\n    exit 1\nfi\n# This output is used by Xcode 'outputs' to avoid re-running this script phase.\necho \"SUCCESS\" > \"${SCRIPT_OUTPUT_FILE_0}\"\n";
			showEnvVarsInLog = 0;
		};
		E5823A74F2E2C07268FDD2A4 /* [CP] Embed Pods Frameworks */ = {
			isa = PBXShellScriptBuildPhase;
			buildActionMask = 2147483647;
			files = (
			);
			inputFileListPaths = (
				"${PODS_ROOT}/Target Support Files/Pods-TaiwanArtion/Pods-TaiwanArtion-frameworks-${CONFIGURATION}-input-files.xcfilelist",
			);
			name = "[CP] Embed Pods Frameworks";
			outputFileListPaths = (
				"${PODS_ROOT}/Target Support Files/Pods-TaiwanArtion/Pods-TaiwanArtion-frameworks-${CONFIGURATION}-output-files.xcfilelist",
			);
			runOnlyForDeploymentPostprocessing = 0;
			shellPath = /bin/sh;
			shellScript = "\"${PODS_ROOT}/Target Support Files/Pods-TaiwanArtion/Pods-TaiwanArtion-frameworks.sh\"\n";
			showEnvVarsInLog = 0;
		};
/* End PBXShellScriptBuildPhase section */

/* Begin PBXSourcesBuildPhase section */
		97287AB129529AA00003B184 /* Sources */ = {
			isa = PBXSourcesBuildPhase;
			buildActionMask = 2147483647;
			files = (
				97287AB829529AA10003B184 /* TaiwanArtionUITests.swift in Sources */,
				97287ABA29529AA10003B184 /* TaiwanArtionUITestsLaunchTests.swift in Sources */,
				97287AC129529AD80003B184 /* TaiwanArtionUnitTest.swift in Sources */,
			);
			runOnlyForDeploymentPostprocessing = 0;
		};
		97287AC229529B030003B184 /* Sources */ = {
			isa = PBXSourcesBuildPhase;
			buildActionMask = 2147483647;
			files = (
				97287AC929529B030003B184 /* TaiwanArtionTests.swift in Sources */,
			);
			runOnlyForDeploymentPostprocessing = 0;
		};
		97F6AE982809737E00B61974 /* Sources */ = {
			isa = PBXSourcesBuildPhase;
			buildActionMask = 2147483647;
			files = (
				97E0992B299F26EA00C2731F /* UIViewController.swift in Sources */,
				62B753BD2835F4BA00286FFF /* DateViewController.swift in Sources */,
				62A558272872BB3C00EDCCB3 /* FindExhibitionViewModel.swift in Sources */,
				62D51EB02817DA7D00010C6A /* SeeAllExhibitionViewController.swift in Sources */,
				62E6BE31288947040050920F /* EastAreaCell.swift in Sources */,
				624605D8289686DD00E590E3 /* IntroduceViewController.swift in Sources */,
				62B753BB2835F4A900286FFF /* ExhibitionPlaceViewController.swift in Sources */,
				62CD76A6280D7EEF00696DBC /* SearchViewController.swift in Sources */,
				62DCAC1B28783061004EC187 /* SeeAllExhibitionTableView.swift in Sources */,
				9756CA6A2963A9CA00DFCD61 /* InputNameViewModel.swift in Sources */,
				62CD76A0280D40A800696DBC /* SideMenuViewController.swift in Sources */,
				624605CD2893C66F00E590E3 /* SearchResultListTableViewCell.swift in Sources */,
				62A3F942287D262A0067B03C /* FilterExhibitionButtonCell.swift in Sources */,
				97287A9F294C27410003B184 /* ItemsCollectionCell.swift in Sources */,
				9756CA662963A99800DFCD61 /* InputNameViewController.swift in Sources */,
				625938FE289AC32600A900FD /* SearchResultViewModel.swift in Sources */,
				9756CA60295E88C300DFCD61 /* AddPhotoViewController.swift in Sources */,
				97B3F6E3294824A0004BBC67 /* ExhibitionListTableViewTableViewCell.swift in Sources */,
				62CD7696280D067200696DBC /* FindExhibitionViewController.swift in Sources */,
				62EAB02F2881720A0001B9BF /* FilterPositionCell.swift in Sources */,
				9756CA64295E96FB00DFCD61 /* AddPhotoViewModel.swift in Sources */,
				624605C628927F8800E590E3 /* SearchResultViewController.swift in Sources */,
				62CD769C280D08A600696DBC /* MainTabBarController.swift in Sources */,
				97E09927299D9C0500C2731F /* ShareExhibitionTextFieldTableViewCell.swift in Sources */,
				624605CB2893C65800E590E3 /* SearchResultTableView.swift in Sources */,
				624605D6289686A300E590E3 /* FareViewController.swift in Sources */,
				62CD769A280D073E00696DBC /* ShareExhibitionViewController.swift in Sources */,
				62E6BE33288947150050920F /* OuterIslandAreaCell.swift in Sources */,
				626C31A328A20DA4005A3190 /* SearchPageViewController.swift in Sources */,
				97F6AEA02809737E00B61974 /* AppDelegate.swift in Sources */,
				97672CCD29164142002BE893 /* NearbyExhibitionViewModel.swift in Sources */,
				62E6BE2F288946F10050920F /* SouthAreaCell.swift in Sources */,
				627F4ACF287FEDD100D86B07 /* WhetherStartExhibitionButton.swift in Sources */,
				626B7B37288D7938002D6540 /* DateCell.swift in Sources */,
				97E2137729B0C245008F3E15 /* ChooseCalenderTableViewCell.swift in Sources */,
				97287AA52951E16B0003B184 /* FilterView.swift in Sources */,
				97EC71332955DBEA009A2B14 /* ShareExhibitionViewModel.swift in Sources */,
				624605CF2893D2C000E590E3 /* TotalExhibitionTableViewCell.swift in Sources */,
				97E213FD29B1EBED008F3E15 /* CheckAlertViewController.swift in Sources */,
				97B3F6DF2946D4CE004BBC67 /* UIBinder.swift in Sources */,
				97287AA32951E11B0003B184 /* FilterViewController.swift in Sources */,
				97E0991F299C8E4200C2731F /* ChoosedPhotoCollectionViewCell.swift in Sources */,
				624605D42896868700E590E3 /* InfoViewController.swift in Sources */,
				62E6BE2B288945ED0050920F /* OuterIslandAreaButtons.swift in Sources */,
				979B5A4F295BD3A3005662B2 /* ShareExhibitionTableViewCell.swift in Sources */,
				97287AA1295084280003B184 /* NavigateLocationView.swift in Sources */,
				97E09923299C903A00C2731F /* DisplayPhotosView.swift in Sources */,
				62A3F946287D28290067B03C /* FilterExhibitionButton.swift in Sources */,
				62CD7698280D070300696DBC /* NearbyExhibitionViewController.swift in Sources */,
				97B3F6DD29417F7E004BBC67 /* NearByExhibitionView.swift in Sources */,
				6274AA0B2816D326008D076D /* FilterTableViewCell.swift in Sources */,
				627F4AD1288011EE00D86B07 /* WhetherStartBottomSheetViewController.swift in Sources */,
				62E6BE29288945E10050920F /* EastAreaButtons.swift in Sources */,
				97EC713529593161009A2B14 /* ExhibitionDetailModel.swift in Sources */,
				62E6BE25288945C10050920F /* MiddleAreaButtons.swift in Sources */,
				97E0991D298FBFC300C2731F /* PhotoGalleryCollectionViewCell.swift in Sources */,
				6211AE442897B8F40092202B /* CellInfo.swift in Sources */,
				626B7B3B288FE484002D6540 /* DateHeader.swift in Sources */,
				626C319D289E16A3005A3190 /* PhotosCollectionView.swift in Sources */,
				62806AEC281A297900FD5AF2 /* Color.swift in Sources */,
				97F409B82813CA8000527646 /* MapViewModel.swift in Sources */,
				97E09925299D7C5D00C2731F /* PlaceChooseViewController.swift in Sources */,
				9756CA6C2963AA0C00DFCD61 /* ChooseCityViewController.swift in Sources */,
				97F409B62813CA6800527646 /* MapView.swift in Sources */,
				624605C328913A3D00E590E3 /* CalendarView.swift in Sources */,
				97E213F929B1D107008F3E15 /* AddCalendarViewController.swift in Sources */,
				626C319F289E17EE005A3190 /* PhotosCollectionViewCell.swift in Sources */,
				9756CA6E2963AA2000DFCD61 /* ChooseCityView.swift in Sources */,
				62EAB028288131520001B9BF /* SearchResultsTableViewCell.swift in Sources */,
				62DCAC132877CBC5004EC187 /* SeeAllExhibitionViewModel.swift in Sources */,
				97B3F6E12948236D004BBC67 /* NearByExhibitionListView.swift in Sources */,
				97EC713729593BE4009A2B14 /* ShareExhibitionHeader.swift in Sources */,
				62593904289C2EF700A900FD /* SearchRecordTableViewCell.swift in Sources */,
				626B7B33288D4923002D6540 /* MonthCollectionView.swift in Sources */,
				97287AA72951E20B0003B184 /* FilterViewModel.swift in Sources */,
				97EC713929593C02009A2B14 /* ShareExhibitionFooter.swift in Sources */,
				97E2137529B0B466008F3E15 /* ChooseCalenderView.swift in Sources */,
				97E09929299DFEA700C2731F /* ExhibitionModel.swift in Sources */,
				62E6BE21288945290050920F /* NorthAreaButtons.swift in Sources */,
				6274AA0928164AB7008D076D /* ScrollPhotoTableViewCell.swift in Sources */,
				624605C92892836C00E590E3 /* ExhibitionDetailViewController.swift in Sources */,
				9756CA702963AA3100DFCD61 /* ChooseCityViewModel.swift in Sources */,
				62B753B92835F47D00286FFF /* AreaViewController.swift in Sources */,
				62E6BE2D288946DE0050920F /* MiddleAreaCell.swift in Sources */,
				97EC71312955DBBE009A2B14 /* ShareExhibitionView.swift in Sources */,
				62CB5D0B2871FE5100BDE1FB /* FindExhibitionTableView.swift in Sources */,
				9756CA62295E88D600DFCD61 /* AddPhotoView.swift in Sources */,
				9756CA682963A9AF00DFCD61 /* InputNameView.swift in Sources */,
				62B753B72835F3FE00286FFF /* TabButtonCollectionViewCell.swift in Sources */,
				97E2137329B0B3A0008F3E15 /* ChooseCalenderViewController.swift in Sources */,
				97F6AEA22809737E00B61974 /* SceneDelegate.swift in Sources */,
				62E6BE27288945D30050920F /* SouthAreaButtons.swift in Sources */,
				626B7B39288D809D002D6540 /* MonthCollectionViewCell.swift in Sources */,
				6211AE42289773BF0092202B /* ScrollPhoto.swift in Sources */,
				62E6BE23288945840050920F /* NorthAreaCell.swift in Sources */,
				62EBB6D8280F999D00161036 /* FindExhibitionTableViewCell.swift in Sources */,
				97E0992E299F295400C2731F /* AlertViewController.swift in Sources */,
				62EAB02D2881716B0001B9BF /* FilterPositionButtons.swift in Sources */,
				97F409B42813CA5600527646 /* MapViewController.swift in Sources */,
			);
			runOnlyForDeploymentPostprocessing = 0;
		};
/* End PBXSourcesBuildPhase section */

/* Begin PBXTargetDependency section */
		97287ABC29529AA10003B184 /* PBXTargetDependency */ = {
			isa = PBXTargetDependency;
			target = 97F6AE9B2809737E00B61974 /* TaiwanArtion */;
			targetProxy = 97287ABB29529AA10003B184 /* PBXContainerItemProxy */;
		};
		97287ACB29529B030003B184 /* PBXTargetDependency */ = {
			isa = PBXTargetDependency;
			target = 97F6AE9B2809737E00B61974 /* TaiwanArtion */;
			targetProxy = 97287ACA29529B030003B184 /* PBXContainerItemProxy */;
		};
/* End PBXTargetDependency section */

/* Begin PBXVariantGroup section */
		97F6AEAA2809737F00B61974 /* LaunchScreen.storyboard */ = {
			isa = PBXVariantGroup;
			children = (
				97F6AEAB2809737F00B61974 /* Base */,
			);
			name = LaunchScreen.storyboard;
			sourceTree = "<group>";
		};
/* End PBXVariantGroup section */

/* Begin XCBuildConfiguration section */
		97287ABE29529AA10003B184 /* Debug */ = {
			isa = XCBuildConfiguration;
			buildSettings = {
				CODE_SIGN_STYLE = Automatic;
				CURRENT_PROJECT_VERSION = 1;
				DEVELOPMENT_TEAM = QRA5DG5SAD;
				GENERATE_INFOPLIST_FILE = YES;
				MARKETING_VERSION = 1.0;
				PRODUCT_BUNDLE_IDENTIFIER = testing.TaiwanArtionUITests;
				PRODUCT_NAME = "$(TARGET_NAME)";
				SWIFT_EMIT_LOC_STRINGS = NO;
				SWIFT_VERSION = 5.0;
				TARGETED_DEVICE_FAMILY = "1,2";
				TEST_TARGET_NAME = TaiwanArtion;
			};
			name = Debug;
		};
		97287ABF29529AA10003B184 /* Release */ = {
			isa = XCBuildConfiguration;
			buildSettings = {
				CODE_SIGN_STYLE = Automatic;
				CURRENT_PROJECT_VERSION = 1;
				DEVELOPMENT_TEAM = QRA5DG5SAD;
				GENERATE_INFOPLIST_FILE = YES;
				MARKETING_VERSION = 1.0;
				PRODUCT_BUNDLE_IDENTIFIER = testing.TaiwanArtionUITests;
				PRODUCT_NAME = "$(TARGET_NAME)";
				SWIFT_EMIT_LOC_STRINGS = NO;
				SWIFT_VERSION = 5.0;
				TARGETED_DEVICE_FAMILY = "1,2";
				TEST_TARGET_NAME = TaiwanArtion;
			};
			name = Release;
		};
		97287ACD29529B030003B184 /* Debug */ = {
			isa = XCBuildConfiguration;
			buildSettings = {
				BUNDLE_LOADER = "$(TEST_HOST)";
				CODE_SIGN_STYLE = Automatic;
				CURRENT_PROJECT_VERSION = 1;
				DEVELOPMENT_TEAM = QRA5DG5SAD;
				GENERATE_INFOPLIST_FILE = YES;
				MARKETING_VERSION = 1.0;
				PRODUCT_BUNDLE_IDENTIFIER = testing.TaiwanArtionTests;
				PRODUCT_NAME = "$(TARGET_NAME)";
				SWIFT_EMIT_LOC_STRINGS = NO;
				SWIFT_VERSION = 5.0;
				TARGETED_DEVICE_FAMILY = "1,2";
				TEST_HOST = "$(BUILT_PRODUCTS_DIR)/TaiwanArtion.app/TaiwanArtion";
			};
			name = Debug;
		};
		97287ACE29529B030003B184 /* Release */ = {
			isa = XCBuildConfiguration;
			buildSettings = {
				BUNDLE_LOADER = "$(TEST_HOST)";
				CODE_SIGN_STYLE = Automatic;
				CURRENT_PROJECT_VERSION = 1;
				DEVELOPMENT_TEAM = QRA5DG5SAD;
				GENERATE_INFOPLIST_FILE = YES;
				MARKETING_VERSION = 1.0;
				PRODUCT_BUNDLE_IDENTIFIER = testing.TaiwanArtionTests;
				PRODUCT_NAME = "$(TARGET_NAME)";
				SWIFT_EMIT_LOC_STRINGS = NO;
				SWIFT_VERSION = 5.0;
				TARGETED_DEVICE_FAMILY = "1,2";
				TEST_HOST = "$(BUILT_PRODUCTS_DIR)/TaiwanArtion.app/TaiwanArtion";
			};
			name = Release;
		};
		97F6AEAE2809737F00B61974 /* Debug */ = {
			isa = XCBuildConfiguration;
			buildSettings = {
				ALWAYS_SEARCH_USER_PATHS = NO;
				CLANG_ANALYZER_NONNULL = YES;
				CLANG_ANALYZER_NUMBER_OBJECT_CONVERSION = YES_AGGRESSIVE;
				CLANG_CXX_LANGUAGE_STANDARD = "gnu++17";
				CLANG_CXX_LIBRARY = "libc++";
				CLANG_ENABLE_MODULES = YES;
				CLANG_ENABLE_OBJC_ARC = YES;
				CLANG_ENABLE_OBJC_WEAK = YES;
				CLANG_WARN_BLOCK_CAPTURE_AUTORELEASING = YES;
				CLANG_WARN_BOOL_CONVERSION = YES;
				CLANG_WARN_COMMA = YES;
				CLANG_WARN_CONSTANT_CONVERSION = YES;
				CLANG_WARN_DEPRECATED_OBJC_IMPLEMENTATIONS = YES;
				CLANG_WARN_DIRECT_OBJC_ISA_USAGE = YES_ERROR;
				CLANG_WARN_DOCUMENTATION_COMMENTS = YES;
				CLANG_WARN_EMPTY_BODY = YES;
				CLANG_WARN_ENUM_CONVERSION = YES;
				CLANG_WARN_INFINITE_RECURSION = YES;
				CLANG_WARN_INT_CONVERSION = YES;
				CLANG_WARN_NON_LITERAL_NULL_CONVERSION = YES;
				CLANG_WARN_OBJC_IMPLICIT_RETAIN_SELF = YES;
				CLANG_WARN_OBJC_LITERAL_CONVERSION = YES;
				CLANG_WARN_OBJC_ROOT_CLASS = YES_ERROR;
				CLANG_WARN_QUOTED_INCLUDE_IN_FRAMEWORK_HEADER = YES;
				CLANG_WARN_RANGE_LOOP_ANALYSIS = YES;
				CLANG_WARN_STRICT_PROTOTYPES = YES;
				CLANG_WARN_SUSPICIOUS_MOVE = YES;
				CLANG_WARN_UNGUARDED_AVAILABILITY = YES_AGGRESSIVE;
				CLANG_WARN_UNREACHABLE_CODE = YES;
				CLANG_WARN__DUPLICATE_METHOD_MATCH = YES;
				COPY_PHASE_STRIP = NO;
				DEBUG_INFORMATION_FORMAT = dwarf;
				ENABLE_STRICT_OBJC_MSGSEND = YES;
				ENABLE_TESTABILITY = YES;
				GCC_C_LANGUAGE_STANDARD = gnu11;
				GCC_DYNAMIC_NO_PIC = NO;
				GCC_NO_COMMON_BLOCKS = YES;
				GCC_OPTIMIZATION_LEVEL = 0;
				GCC_PREPROCESSOR_DEFINITIONS = (
					"DEBUG=1",
					"$(inherited)",
				);
				GCC_WARN_64_TO_32_BIT_CONVERSION = YES;
				GCC_WARN_ABOUT_RETURN_TYPE = YES_ERROR;
				GCC_WARN_UNDECLARED_SELECTOR = YES;
				GCC_WARN_UNINITIALIZED_AUTOS = YES_AGGRESSIVE;
				GCC_WARN_UNUSED_FUNCTION = YES;
				GCC_WARN_UNUSED_VARIABLE = YES;
				IPHONEOS_DEPLOYMENT_TARGET = 15.2;
				MTL_ENABLE_DEBUG_INFO = INCLUDE_SOURCE;
				MTL_FAST_MATH = YES;
				ONLY_ACTIVE_ARCH = YES;
				SDKROOT = iphoneos;
				SWIFT_ACTIVE_COMPILATION_CONDITIONS = DEBUG;
				SWIFT_OPTIMIZATION_LEVEL = "-Onone";
			};
			name = Debug;
		};
		97F6AEAF2809737F00B61974 /* Release */ = {
			isa = XCBuildConfiguration;
			buildSettings = {
				ALWAYS_SEARCH_USER_PATHS = NO;
				CLANG_ANALYZER_NONNULL = YES;
				CLANG_ANALYZER_NUMBER_OBJECT_CONVERSION = YES_AGGRESSIVE;
				CLANG_CXX_LANGUAGE_STANDARD = "gnu++17";
				CLANG_CXX_LIBRARY = "libc++";
				CLANG_ENABLE_MODULES = YES;
				CLANG_ENABLE_OBJC_ARC = YES;
				CLANG_ENABLE_OBJC_WEAK = YES;
				CLANG_WARN_BLOCK_CAPTURE_AUTORELEASING = YES;
				CLANG_WARN_BOOL_CONVERSION = YES;
				CLANG_WARN_COMMA = YES;
				CLANG_WARN_CONSTANT_CONVERSION = YES;
				CLANG_WARN_DEPRECATED_OBJC_IMPLEMENTATIONS = YES;
				CLANG_WARN_DIRECT_OBJC_ISA_USAGE = YES_ERROR;
				CLANG_WARN_DOCUMENTATION_COMMENTS = YES;
				CLANG_WARN_EMPTY_BODY = YES;
				CLANG_WARN_ENUM_CONVERSION = YES;
				CLANG_WARN_INFINITE_RECURSION = YES;
				CLANG_WARN_INT_CONVERSION = YES;
				CLANG_WARN_NON_LITERAL_NULL_CONVERSION = YES;
				CLANG_WARN_OBJC_IMPLICIT_RETAIN_SELF = YES;
				CLANG_WARN_OBJC_LITERAL_CONVERSION = YES;
				CLANG_WARN_OBJC_ROOT_CLASS = YES_ERROR;
				CLANG_WARN_QUOTED_INCLUDE_IN_FRAMEWORK_HEADER = YES;
				CLANG_WARN_RANGE_LOOP_ANALYSIS = YES;
				CLANG_WARN_STRICT_PROTOTYPES = YES;
				CLANG_WARN_SUSPICIOUS_MOVE = YES;
				CLANG_WARN_UNGUARDED_AVAILABILITY = YES_AGGRESSIVE;
				CLANG_WARN_UNREACHABLE_CODE = YES;
				CLANG_WARN__DUPLICATE_METHOD_MATCH = YES;
				COPY_PHASE_STRIP = NO;
				DEBUG_INFORMATION_FORMAT = "dwarf-with-dsym";
				ENABLE_NS_ASSERTIONS = NO;
				ENABLE_STRICT_OBJC_MSGSEND = YES;
				GCC_C_LANGUAGE_STANDARD = gnu11;
				GCC_NO_COMMON_BLOCKS = YES;
				GCC_WARN_64_TO_32_BIT_CONVERSION = YES;
				GCC_WARN_ABOUT_RETURN_TYPE = YES_ERROR;
				GCC_WARN_UNDECLARED_SELECTOR = YES;
				GCC_WARN_UNINITIALIZED_AUTOS = YES_AGGRESSIVE;
				GCC_WARN_UNUSED_FUNCTION = YES;
				GCC_WARN_UNUSED_VARIABLE = YES;
				IPHONEOS_DEPLOYMENT_TARGET = 15.2;
				MTL_ENABLE_DEBUG_INFO = NO;
				MTL_FAST_MATH = YES;
				SDKROOT = iphoneos;
				SWIFT_COMPILATION_MODE = wholemodule;
				SWIFT_OPTIMIZATION_LEVEL = "-O";
				VALIDATE_PRODUCT = YES;
			};
			name = Release;
		};
		97F6AEB12809737F00B61974 /* Debug */ = {
			isa = XCBuildConfiguration;
			baseConfigurationReference = 9916CEA9B02AFB34C3B45DF8 /* Pods-TaiwanArtion.debug.xcconfig */;
			buildSettings = {
				ASSETCATALOG_COMPILER_APPICON_NAME = AppIcon;
				ASSETCATALOG_COMPILER_GLOBAL_ACCENT_COLOR_NAME = AccentColor;
				CODE_SIGN_STYLE = Automatic;
				CURRENT_PROJECT_VERSION = 1;
				DEVELOPMENT_TEAM = QRA5DG5SAD;
				GENERATE_INFOPLIST_FILE = YES;
				INFOPLIST_FILE = TaiwanArtion/Info.plist;
				INFOPLIST_KEY_NSCameraUsageDescription = "APP想取用相機權限";
				INFOPLIST_KEY_NSPhotoLibraryUsageDescription = "APP想取用相簿權限";
				INFOPLIST_KEY_UIApplicationSupportsIndirectInputEvents = YES;
				INFOPLIST_KEY_UILaunchStoryboardName = LaunchScreen;
				INFOPLIST_KEY_UISupportedInterfaceOrientations_iPad = "UIInterfaceOrientationPortrait UIInterfaceOrientationPortraitUpsideDown UIInterfaceOrientationLandscapeLeft UIInterfaceOrientationLandscapeRight";
				INFOPLIST_KEY_UISupportedInterfaceOrientations_iPhone = "UIInterfaceOrientationPortrait UIInterfaceOrientationLandscapeLeft UIInterfaceOrientationLandscapeRight";
				LD_RUNPATH_SEARCH_PATHS = (
					"$(inherited)",
					"@executable_path/Frameworks",
				);
				MARKETING_VERSION = 1.0;
				PRODUCT_BUNDLE_IDENTIFIER = com.mj.TaiwanArtion;
				PRODUCT_NAME = "$(TARGET_NAME)";
				SWIFT_EMIT_LOC_STRINGS = YES;
				SWIFT_VERSION = 5.0;
				TARGETED_DEVICE_FAMILY = "1,2";
			};
			name = Debug;
		};
		97F6AEB22809737F00B61974 /* Release */ = {
			isa = XCBuildConfiguration;
			baseConfigurationReference = 0D3A771C6FD194AE3B906211 /* Pods-TaiwanArtion.release.xcconfig */;
			buildSettings = {
				ASSETCATALOG_COMPILER_APPICON_NAME = AppIcon;
				ASSETCATALOG_COMPILER_GLOBAL_ACCENT_COLOR_NAME = AccentColor;
				CODE_SIGN_STYLE = Automatic;
				CURRENT_PROJECT_VERSION = 1;
				DEVELOPMENT_TEAM = QRA5DG5SAD;
				GENERATE_INFOPLIST_FILE = YES;
				INFOPLIST_FILE = TaiwanArtion/Info.plist;
				INFOPLIST_KEY_NSCameraUsageDescription = "APP想取用相機權限";
				INFOPLIST_KEY_NSPhotoLibraryUsageDescription = "APP想取用相簿權限";
				INFOPLIST_KEY_UIApplicationSupportsIndirectInputEvents = YES;
				INFOPLIST_KEY_UILaunchStoryboardName = LaunchScreen;
				INFOPLIST_KEY_UISupportedInterfaceOrientations_iPad = "UIInterfaceOrientationPortrait UIInterfaceOrientationPortraitUpsideDown UIInterfaceOrientationLandscapeLeft UIInterfaceOrientationLandscapeRight";
				INFOPLIST_KEY_UISupportedInterfaceOrientations_iPhone = "UIInterfaceOrientationPortrait UIInterfaceOrientationLandscapeLeft UIInterfaceOrientationLandscapeRight";
				LD_RUNPATH_SEARCH_PATHS = (
					"$(inherited)",
					"@executable_path/Frameworks",
				);
				MARKETING_VERSION = 1.0;
				PRODUCT_BUNDLE_IDENTIFIER = com.mj.TaiwanArtion;
				PRODUCT_NAME = "$(TARGET_NAME)";
				SWIFT_EMIT_LOC_STRINGS = YES;
				SWIFT_VERSION = 5.0;
				TARGETED_DEVICE_FAMILY = "1,2";
			};
			name = Release;
		};
/* End XCBuildConfiguration section */

/* Begin XCConfigurationList section */
		97287ABD29529AA10003B184 /* Build configuration list for PBXNativeTarget "TaiwanArtionUITests" */ = {
			isa = XCConfigurationList;
			buildConfigurations = (
				97287ABE29529AA10003B184 /* Debug */,
				97287ABF29529AA10003B184 /* Release */,
			);
			defaultConfigurationIsVisible = 0;
			defaultConfigurationName = Release;
		};
		97287ACC29529B030003B184 /* Build configuration list for PBXNativeTarget "TaiwanArtionTests" */ = {
			isa = XCConfigurationList;
			buildConfigurations = (
				97287ACD29529B030003B184 /* Debug */,
				97287ACE29529B030003B184 /* Release */,
			);
			defaultConfigurationIsVisible = 0;
			defaultConfigurationName = Release;
		};
		97F6AE972809737E00B61974 /* Build configuration list for PBXProject "TaiwanArtion" */ = {
			isa = XCConfigurationList;
			buildConfigurations = (
				97F6AEAE2809737F00B61974 /* Debug */,
				97F6AEAF2809737F00B61974 /* Release */,
			);
			defaultConfigurationIsVisible = 0;
			defaultConfigurationName = Release;
		};
		97F6AEB02809737F00B61974 /* Build configuration list for PBXNativeTarget "TaiwanArtion" */ = {
			isa = XCConfigurationList;
			buildConfigurations = (
				97F6AEB12809737F00B61974 /* Debug */,
				97F6AEB22809737F00B61974 /* Release */,
			);
			defaultConfigurationIsVisible = 0;
			defaultConfigurationName = Release;
		};
/* End XCConfigurationList section */
	};
	rootObject = 97F6AE942809737E00B61974 /* Project object */;
}
